
Microsoft Visual Studio Solution File, Format Version 12.00
# Visual Studio 15
Project("{FAE04EC0-301F-11D3-BF4B-00C04F79EFBC}") = "Tests", "Tests.csproj", "{40B2613B-A5CF-F821-59E2-45437468F37F}"
EndProject
Project("{FAE04EC0-301F-11D3-BF4B-00C04F79EFBC}") = "ExtremeGpuVideo", "ExtremeGpuVideo.csproj", "{7541A8D8-27F2-CE38-D9E8-21401D3FE123}"
EndProject
Global
	GlobalSection(SolutionConfigurationPlatforms) = preSolution
		Debug|Any CPU = Debug|Any CPU
		Release|Any CPU = Release|Any CPU
	EndGlobalSection
	GlobalSection(ProjectConfigurationPlatforms) = postSolution
		{40B2613B-A5CF-F821-59E2-45437468F37F}.Debug|Any CPU.ActiveCfg = Debug|Any CPU
		{40B2613B-A5CF-F821-59E2-45437468F37F}.Debug|Any CPU.Build.0 = Debug|Any CPU
		{40B2613B-A5CF-F821-59E2-45437468F37F}.Release|Any CPU.ActiveCfg = Release|Any CPU
		{40B2613B-A5CF-F821-59E2-45437468F37F}.Release|Any CPU.Build.0 = Release|Any CPU
		{7541A8D8-27F2-CE38-D9E8-21401D3FE123}.Debug|Any CPU.ActiveCfg = Debug|Any CPU
		{7541A8D8-27F2-CE38-D9E8-21401D3FE123}.Debug|Any CPU.Build.0 = Debug|Any CPU
		{7541A8D8-27F2-CE38-D9E8-21401D3FE123}.Release|Any CPU.ActiveCfg = Release|Any CPU
		{7541A8D8-27F2-CE38-D9E8-21401D3FE123}.Release|Any CPU.Build.0 = Release|Any CPU
	EndGlobalSection
	GlobalSection(SolutionProperties) = preSolution
		HideSolutionNode = FALSE
	EndGlobalSection
	GlobalSection(MonoDevelopProperties) = preSolution
		StartupItem = Assembly-CSharp.csproj
	EndGlobalSection
EndGlobal
