// !$*UTF8*$!
{
	archiveVersion = 1;
	classes = {
	};
	objectVersion = 46;
	objects = {

/* Begin PBXBuildFile section */
		076302CCA669DA47E9F0B24B /* lz4.c in Sources */ = {isa = PBXBuildFile; fileRef = 787A97924FCF2F83978EEAD6 /* lz4.c */; };
		07EFD2E92292EFC1444EAC1B /* GpuVideoOnGpuMemoryTexture.cpp in Sources */ = {isa = PBXBuildFile; fileRef = C9AEC73E2419044B33B8D988 /* GpuVideoOnGpuMemoryTexture.cpp */; };
		0C2321A5B95B5E2BD3098546 /* xxhash.c in Sources */ = {isa = PBXBuildFile; fileRef = 49390FE9328E35A41B61A103 /* xxhash.c */; };
		30E627DBAD346AC285BCB3B2 /* lz4hc.c in Sources */ = {isa = PBXBuildFile; fileRef = 50C2608E9759CEF677129FFA /* lz4hc.c */; };
		38FC2776261E578E0F51B4E6 /* GpuVideoReader.cpp in Sources */ = {isa = PBXBuildFile; fileRef = AFD2FD33B4C1CB87B29CB68B /* GpuVideoReader.cpp */; };
		671E6CB5530ACCB38EB0B46A /* GpuVideoStreamingTexture.cpp in Sources */ = {isa = PBXBuildFile; fileRef = 63D6C683F2486F1FD9036E42 /* GpuVideoStreamingTexture.cpp */; };
		6D67B285D38C1F35CF0617B8 /* GpuVideoReaderDecompressed.cpp in Sources */ = {isa = PBXBuildFile; fileRef = 46FA334DBA0B1DF3ACA95812 /* GpuVideoReaderDecompressed.cpp */; };
		8D8225A748A13519BB37C752 /* lz4frame.c in Sources */ = {isa = PBXBuildFile; fileRef = 42772E59F29D99864BA3FDE1 /* lz4frame.c */; };
		D92830D11CB4F4E0007D2930 /* alpha.cpp in Sources */ = {isa = PBXBuildFile; fileRef = D92830B91CB4F4E0007D2930 /* alpha.cpp */; };
		D92830D21CB4F4E0007D2930 /* clusterfit.cpp in Sources */ = {isa = PBXBuildFile; fileRef = D92830BB1CB4F4E0007D2930 /* clusterfit.cpp */; };
		D92830D31CB4F4E0007D2930 /* colourblock.cpp in Sources */ = {isa = PBXBuildFile; fileRef = D92830BD1CB4F4E0007D2930 /* colourblock.cpp */; };
		D92830D41CB4F4E0007D2930 /* colourfit.cpp in Sources */ = {isa = PBXBuildFile; fileRef = D92830BF1CB4F4E0007D2930 /* colourfit.cpp */; };
		D92830D51CB4F4E0007D2930 /* colourset.cpp in Sources */ = {isa = PBXBuildFile; fileRef = D92830C11CB4F4E0007D2930 /* colourset.cpp */; };
		D92830D61CB4F4E0007D2930 /* maths.cpp in Sources */ = {isa = PBXBuildFile; fileRef = D92830C41CB4F4E0007D2930 /* maths.cpp */; };
		D92830D71CB4F4E0007D2930 /* rangefit.cpp in Sources */ = {isa = PBXBuildFile; fileRef = D92830C61CB4F4E0007D2930 /* rangefit.cpp */; };
		D92830D81CB4F4E0007D2930 /* singlecolourfit.cpp in Sources */ = {isa = PBXBuildFile; fileRef = D92830CC1CB4F4E0007D2930 /* singlecolourfit.cpp */; };
		D92830D91CB4F4E0007D2930 /* squish.cpp in Sources */ = {isa = PBXBuildFile; fileRef = D92830CF1CB4F4E0007D2930 /* squish.cpp */; };
		D92830E81CB4F4F7007D2930 /* imgui.cpp in Sources */ = {isa = PBXBuildFile; fileRef = D92830DE1CB4F4F7007D2930 /* imgui.cpp */; };
		D92830E91CB4F4F7007D2930 /* imgui_demo.cpp in Sources */ = {isa = PBXBuildFile; fileRef = D92830E01CB4F4F7007D2930 /* imgui_demo.cpp */; };
		D92830EA1CB4F4F7007D2930 /* imgui_draw.cpp in Sources */ = {isa = PBXBuildFile; fileRef = D92830E11CB4F4F7007D2930 /* imgui_draw.cpp */; };
		D92830F91CB4F502007D2930 /* BaseEngine.cpp in Sources */ = {isa = PBXBuildFile; fileRef = D92830ED1CB4F502007D2930 /* BaseEngine.cpp */; };
		D92830FA1CB4F502007D2930 /* BaseTheme.cpp in Sources */ = {isa = PBXBuildFile; fileRef = D92830EF1CB4F502007D2930 /* BaseTheme.cpp */; };
		D92830FB1CB4F502007D2930 /* EngineGLFW.cpp in Sources */ = {isa = PBXBuildFile; fileRef = D92830F11CB4F502007D2930 /* EngineGLFW.cpp */; };
		D92830FC1CB4F502007D2930 /* EngineOpenGLES.cpp in Sources */ = {isa = PBXBuildFile; fileRef = D92830F31CB4F502007D2930 /* EngineOpenGLES.cpp */; };
		D92830FD1CB4F502007D2930 /* ofxImGui.cpp in Sources */ = {isa = PBXBuildFile; fileRef = D92830F61CB4F502007D2930 /* ofxImGui.cpp */; };
		D92831031CB4F538007D2930 /* main.cpp in Sources */ = {isa = PBXBuildFile; fileRef = D92831001CB4F538007D2930 /* main.cpp */; };
		D92831041CB4F538007D2930 /* ofApp.cpp in Sources */ = {isa = PBXBuildFile; fileRef = D92831011CB4F538007D2930 /* ofApp.cpp */; };
		D92831071CB4F57F007D2930 /* libtbb.dylib in Frameworks */ = {isa = PBXBuildFile; fileRef = D92831051CB4F57F007D2930 /* libtbb.dylib */; };
		D92831081CB4F57F007D2930 /* libtbbmalloc.dylib in Frameworks */ = {isa = PBXBuildFile; fileRef = D92831061CB4F57F007D2930 /* libtbbmalloc.dylib */; };
		D92831091CB4F587007D2930 /* libtbb.dylib in CopyFiles */ = {isa = PBXBuildFile; fileRef = D92831051CB4F57F007D2930 /* libtbb.dylib */; settings = {ATTRIBUTES = (CodeSignOnCopy, ); }; };
		D928310A1CB4F587007D2930 /* libtbbmalloc.dylib in CopyFiles */ = {isa = PBXBuildFile; fileRef = D92831061CB4F57F007D2930 /* libtbbmalloc.dylib */; settings = {ATTRIBUTES = (CodeSignOnCopy, ); }; };
		E4328149138ABC9F0047C5CB /* openFrameworksDebug.a in Frameworks */ = {isa = PBXBuildFile; fileRef = E4328148138ABC890047C5CB /* openFrameworksDebug.a */; };
		F82803B762DBA06C94D43A83 /* ofxExtremeGpuVideo.cpp in Sources */ = {isa = PBXBuildFile; fileRef = 6F2ED9FB55231452BB12BE07 /* ofxExtremeGpuVideo.cpp */; };
/* End PBXBuildFile section */

/* Begin PBXContainerItemProxy section */
		E4328147138ABC890047C5CB /* PBXContainerItemProxy */ = {
			isa = PBXContainerItemProxy;
			containerPortal = E4328143138ABC890047C5CB /* openFrameworksLib.xcodeproj */;
			proxyType = 2;
			remoteGlobalIDString = E4B27C1510CBEB8E00536013;
			remoteInfo = openFrameworks;
		};
		E4EEB9AB138B136A00A80321 /* PBXContainerItemProxy */ = {
			isa = PBXContainerItemProxy;
			containerPortal = E4328143138ABC890047C5CB /* openFrameworksLib.xcodeproj */;
			proxyType = 1;
			remoteGlobalIDString = E4B27C1410CBEB8E00536013;
			remoteInfo = openFrameworks;
		};
/* End PBXContainerItemProxy section */

/* Begin PBXCopyFilesBuildPhase section */
		E4C2427710CC5ABF004149E2 /* CopyFiles */ = {
			isa = PBXCopyFilesBuildPhase;
			buildActionMask = 2147483647;
			dstPath = "";
			dstSubfolderSpec = 10;
			files = (
				D92831091CB4F587007D2930 /* libtbb.dylib in CopyFiles */,
				D928310A1CB4F587007D2930 /* libtbbmalloc.dylib in CopyFiles */,
			);
			runOnlyForDeploymentPostprocessing = 0;
		};
/* End PBXCopyFilesBuildPhase section */

/* Begin PBXFileReference section */
		0D911E96B713DBA0A754BF67 /* ofxExtremeGpuVideo.hpp */ = {isa = PBXFileReference; explicitFileType = sourcecode.c.h; fileEncoding = 30; name = ofxExtremeGpuVideo.hpp; path = ../../../addons/ofxExtremeGpuVideo/src/ofxExtremeGpuVideo.hpp; sourceTree = SOURCE_ROOT; };
		116BA1DE070EA0D658025311 /* GpuVideo.hpp */ = {isa = PBXFileReference; explicitFileType = sourcecode.c.h; fileEncoding = 30; name = GpuVideo.hpp; path = ../../../addons/ofxExtremeGpuVideo/src/GpuVideo.hpp; sourceTree = SOURCE_ROOT; };
		281A830445429C3D14A0A958 /* lz4frame_static.h */ = {isa = PBXFileReference; explicitFileType = sourcecode.c.h; fileEncoding = 30; name = lz4frame_static.h; path = ../../../addons/ofxExtremeGpuVideo/libs/lz4/lib/lz4frame_static.h; sourceTree = SOURCE_ROOT; };
		3861A4935D9D45EA32DDEACF /* lz4frame.h */ = {isa = PBXFileReference; explicitFileType = sourcecode.c.h; fileEncoding = 30; name = lz4frame.h; path = ../../../addons/ofxExtremeGpuVideo/libs/lz4/lib/lz4frame.h; sourceTree = SOURCE_ROOT; };
		42772E59F29D99864BA3FDE1 /* lz4frame.c */ = {isa = PBXFileReference; explicitFileType = sourcecode.c.c; fileEncoding = 30; name = lz4frame.c; path = ../../../addons/ofxExtremeGpuVideo/libs/lz4/lib/lz4frame.c; sourceTree = SOURCE_ROOT; };
		46D7B67B0DF4C5EC67D4A20C /* lz4hc.h */ = {isa = PBXFileReference; explicitFileType = sourcecode.c.h; fileEncoding = 30; name = lz4hc.h; path = ../../../addons/ofxExtremeGpuVideo/libs/lz4/lib/lz4hc.h; sourceTree = SOURCE_ROOT; };
		46FA334DBA0B1DF3ACA95812 /* GpuVideoReaderDecompressed.cpp */ = {isa = PBXFileReference; explicitFileType = sourcecode.cpp.cpp; fileEncoding = 30; name = GpuVideoReaderDecompressed.cpp; path = ../../../addons/ofxExtremeGpuVideo/src/GpuVideoReaderDecompressed.cpp; sourceTree = SOURCE_ROOT; };
		49390FE9328E35A41B61A103 /* xxhash.c */ = {isa = PBXFileReference; explicitFileType = sourcecode.c.c; fileEncoding = 30; name = xxhash.c; path = ../../../addons/ofxExtremeGpuVideo/libs/lz4/lib/xxhash.c; sourceTree = SOURCE_ROOT; };
		50C2608E9759CEF677129FFA /* lz4hc.c */ = {isa = PBXFileReference; explicitFileType = sourcecode.c.c; fileEncoding = 30; name = lz4hc.c; path = ../../../addons/ofxExtremeGpuVideo/libs/lz4/lib/lz4hc.c; sourceTree = SOURCE_ROOT; };
		57DAF36D8A506C867C52398C /* GpuVideoStreamingTexture.hpp */ = {isa = PBXFileReference; explicitFileType = sourcecode.c.h; fileEncoding = 30; name = GpuVideoStreamingTexture.hpp; path = ../../../addons/ofxExtremeGpuVideo/src/GpuVideoStreamingTexture.hpp; sourceTree = SOURCE_ROOT; };
		603E3CCD66900DAA0427746D /* GpuVideoOnGpuMemoryTexture.hpp */ = {isa = PBXFileReference; explicitFileType = sourcecode.c.h; fileEncoding = 30; name = GpuVideoOnGpuMemoryTexture.hpp; path = ../../../addons/ofxExtremeGpuVideo/src/GpuVideoOnGpuMemoryTexture.hpp; sourceTree = SOURCE_ROOT; };
		63D6C683F2486F1FD9036E42 /* GpuVideoStreamingTexture.cpp */ = {isa = PBXFileReference; explicitFileType = sourcecode.cpp.cpp; fileEncoding = 30; name = GpuVideoStreamingTexture.cpp; path = ../../../addons/ofxExtremeGpuVideo/src/GpuVideoStreamingTexture.cpp; sourceTree = SOURCE_ROOT; };
		6F2ED9FB55231452BB12BE07 /* ofxExtremeGpuVideo.cpp */ = {isa = PBXFileReference; explicitFileType = sourcecode.cpp.cpp; fileEncoding = 30; name = ofxExtremeGpuVideo.cpp; path = ../../../addons/ofxExtremeGpuVideo/src/ofxExtremeGpuVideo.cpp; sourceTree = SOURCE_ROOT; };
		787A97924FCF2F83978EEAD6 /* lz4.c */ = {isa = PBXFileReference; explicitFileType = sourcecode.c.c; fileEncoding = 30; name = lz4.c; path = ../../../addons/ofxExtremeGpuVideo/libs/lz4/lib/lz4.c; sourceTree = SOURCE_ROOT; };
		97248EAAE088FCBB1FF89936 /* GpuVideoReader.hpp */ = {isa = PBXFileReference; explicitFileType = sourcecode.c.h; fileEncoding = 30; name = GpuVideoReader.hpp; path = ../../../addons/ofxExtremeGpuVideo/src/GpuVideoReader.hpp; sourceTree = SOURCE_ROOT; };
		9BB316E6D63D3ACC455E20A5 /* GpuVideoTexture.hpp */ = {isa = PBXFileReference; explicitFileType = sourcecode.c.h; fileEncoding = 30; name = GpuVideoTexture.hpp; path = ../../../addons/ofxExtremeGpuVideo/src/GpuVideoTexture.hpp; sourceTree = SOURCE_ROOT; };
		AFD2FD33B4C1CB87B29CB68B /* GpuVideoReader.cpp */ = {isa = PBXFileReference; explicitFileType = sourcecode.cpp.cpp; fileEncoding = 30; name = GpuVideoReader.cpp; path = ../../../addons/ofxExtremeGpuVideo/src/GpuVideoReader.cpp; sourceTree = SOURCE_ROOT; };
		B763FF195392C1B8D926C89A /* lz4.h */ = {isa = PBXFileReference; explicitFileType = sourcecode.c.h; fileEncoding = 30; name = lz4.h; path = ../../../addons/ofxExtremeGpuVideo/libs/lz4/lib/lz4.h; sourceTree = SOURCE_ROOT; };
		C135168C837029DBC2A14A06 /* GpuVideoIO.hpp */ = {isa = PBXFileReference; explicitFileType = sourcecode.c.h; fileEncoding = 30; name = GpuVideoIO.hpp; path = ../../../addons/ofxExtremeGpuVideo/src/GpuVideoIO.hpp; sourceTree = SOURCE_ROOT; };
		C9AEC73E2419044B33B8D988 /* GpuVideoOnGpuMemoryTexture.cpp */ = {isa = PBXFileReference; explicitFileType = sourcecode.cpp.cpp; fileEncoding = 30; name = GpuVideoOnGpuMemoryTexture.cpp; path = ../../../addons/ofxExtremeGpuVideo/src/GpuVideoOnGpuMemoryTexture.cpp; sourceTree = SOURCE_ROOT; };
		D4AD4FEDAEFF16FF6E2B1ADC /* xxhash.h */ = {isa = PBXFileReference; explicitFileType = sourcecode.c.h; fileEncoding = 30; name = xxhash.h; path = ../../../addons/ofxExtremeGpuVideo/libs/lz4/lib/xxhash.h; sourceTree = SOURCE_ROOT; };
		D92830B91CB4F4E0007D2930 /* alpha.cpp */ = {isa = PBXFileReference; fileEncoding = 4; lastKnownFileType = sourcecode.cpp.cpp; path = alpha.cpp; sourceTree = "<group>"; };
		D92830BA1CB4F4E0007D2930 /* alpha.h */ = {isa = PBXFileReference; fileEncoding = 4; lastKnownFileType = sourcecode.c.h; path = alpha.h; sourceTree = "<group>"; };
		D92830BB1CB4F4E0007D2930 /* clusterfit.cpp */ = {isa = PBXFileReference; fileEncoding = 4; lastKnownFileType = sourcecode.cpp.cpp; path = clusterfit.cpp; sourceTree = "<group>"; };
		D92830BC1CB4F4E0007D2930 /* clusterfit.h */ = {isa = PBXFileReference; fileEncoding = 4; lastKnownFileType = sourcecode.c.h; path = clusterfit.h; sourceTree = "<group>"; };
		D92830BD1CB4F4E0007D2930 /* colourblock.cpp */ = {isa = PBXFileReference; fileEncoding = 4; lastKnownFileType = sourcecode.cpp.cpp; path = colourblock.cpp; sourceTree = "<group>"; };
		D92830BE1CB4F4E0007D2930 /* colourblock.h */ = {isa = PBXFileReference; fileEncoding = 4; lastKnownFileType = sourcecode.c.h; path = colourblock.h; sourceTree = "<group>"; };
		D92830BF1CB4F4E0007D2930 /* colourfit.cpp */ = {isa = PBXFileReference; fileEncoding = 4; lastKnownFileType = sourcecode.cpp.cpp; path = colourfit.cpp; sourceTree = "<group>"; };
		D92830C01CB4F4E0007D2930 /* colourfit.h */ = {isa = PBXFileReference; fileEncoding = 4; lastKnownFileType = sourcecode.c.h; path = colourfit.h; sourceTree = "<group>"; };
		D92830C11CB4F4E0007D2930 /* colourset.cpp */ = {isa = PBXFileReference; fileEncoding = 4; lastKnownFileType = sourcecode.cpp.cpp; path = colourset.cpp; sourceTree = "<group>"; };
		D92830C21CB4F4E0007D2930 /* colourset.h */ = {isa = PBXFileReference; fileEncoding = 4; lastKnownFileType = sourcecode.c.h; path = colourset.h; sourceTree = "<group>"; };
		D92830C31CB4F4E0007D2930 /* config.h */ = {isa = PBXFileReference; fileEncoding = 4; lastKnownFileType = sourcecode.c.h; path = config.h; sourceTree = "<group>"; };
		D92830C41CB4F4E0007D2930 /* maths.cpp */ = {isa = PBXFileReference; fileEncoding = 4; lastKnownFileType = sourcecode.cpp.cpp; path = maths.cpp; sourceTree = "<group>"; };
		D92830C51CB4F4E0007D2930 /* maths.h */ = {isa = PBXFileReference; fileEncoding = 4; lastKnownFileType = sourcecode.c.h; path = maths.h; sourceTree = "<group>"; };
		D92830C61CB4F4E0007D2930 /* rangefit.cpp */ = {isa = PBXFileReference; fileEncoding = 4; lastKnownFileType = sourcecode.cpp.cpp; path = rangefit.cpp; sourceTree = "<group>"; };
		D92830C71CB4F4E0007D2930 /* rangefit.h */ = {isa = PBXFileReference; fileEncoding = 4; lastKnownFileType = sourcecode.c.h; path = rangefit.h; sourceTree = "<group>"; };
		D92830C81CB4F4E0007D2930 /* simd.h */ = {isa = PBXFileReference; fileEncoding = 4; lastKnownFileType = sourcecode.c.h; path = simd.h; sourceTree = "<group>"; };
		D92830C91CB4F4E0007D2930 /* simd_float.h */ = {isa = PBXFileReference; fileEncoding = 4; lastKnownFileType = sourcecode.c.h; path = simd_float.h; sourceTree = "<group>"; };
		D92830CA1CB4F4E0007D2930 /* simd_sse.h */ = {isa = PBXFileReference; fileEncoding = 4; lastKnownFileType = sourcecode.c.h; path = simd_sse.h; sourceTree = "<group>"; };
		D92830CB1CB4F4E0007D2930 /* simd_ve.h */ = {isa = PBXFileReference; fileEncoding = 4; lastKnownFileType = sourcecode.c.h; path = simd_ve.h; sourceTree = "<group>"; };
		D92830CC1CB4F4E0007D2930 /* singlecolourfit.cpp */ = {isa = PBXFileReference; fileEncoding = 4; lastKnownFileType = sourcecode.cpp.cpp; path = singlecolourfit.cpp; sourceTree = "<group>"; };
		D92830CD1CB4F4E0007D2930 /* singlecolourfit.h */ = {isa = PBXFileReference; fileEncoding = 4; lastKnownFileType = sourcecode.c.h; path = singlecolourfit.h; sourceTree = "<group>"; };
		D92830CE1CB4F4E0007D2930 /* singlecolourlookup.inl */ = {isa = PBXFileReference; fileEncoding = 4; lastKnownFileType = text; path = singlecolourlookup.inl; sourceTree = "<group>"; };
		D92830CF1CB4F4E0007D2930 /* squish.cpp */ = {isa = PBXFileReference; fileEncoding = 4; lastKnownFileType = sourcecode.cpp.cpp; path = squish.cpp; sourceTree = "<group>"; };
		D92830D01CB4F4E0007D2930 /* squish.h */ = {isa = PBXFileReference; fileEncoding = 4; lastKnownFileType = sourcecode.c.h; path = squish.h; sourceTree = "<group>"; };
		D92830DE1CB4F4F7007D2930 /* imgui.cpp */ = {isa = PBXFileReference; fileEncoding = 4; lastKnownFileType = sourcecode.cpp.cpp; path = imgui.cpp; sourceTree = "<group>"; };
		D92830DF1CB4F4F7007D2930 /* imgui.h */ = {isa = PBXFileReference; fileEncoding = 4; lastKnownFileType = sourcecode.c.h; path = imgui.h; sourceTree = "<group>"; };
		D92830E01CB4F4F7007D2930 /* imgui_demo.cpp */ = {isa = PBXFileReference; fileEncoding = 4; lastKnownFileType = sourcecode.cpp.cpp; path = imgui_demo.cpp; sourceTree = "<group>"; };
		D92830E11CB4F4F7007D2930 /* imgui_draw.cpp */ = {isa = PBXFileReference; fileEncoding = 4; lastKnownFileType = sourcecode.cpp.cpp; path = imgui_draw.cpp; sourceTree = "<group>"; };
		D92830E21CB4F4F7007D2930 /* imgui_internal.h */ = {isa = PBXFileReference; fileEncoding = 4; lastKnownFileType = sourcecode.c.h; path = imgui_internal.h; sourceTree = "<group>"; };
		D92830E51CB4F4F7007D2930 /* stb_rect_pack.h */ = {isa = PBXFileReference; fileEncoding = 4; lastKnownFileType = sourcecode.c.h; path = stb_rect_pack.h; sourceTree = "<group>"; };
		D92830E61CB4F4F7007D2930 /* stb_textedit.h */ = {isa = PBXFileReference; fileEncoding = 4; lastKnownFileType = sourcecode.c.h; path = stb_textedit.h; sourceTree = "<group>"; };
		D92830E71CB4F4F7007D2930 /* stb_truetype.h */ = {isa = PBXFileReference; fileEncoding = 4; lastKnownFileType = sourcecode.c.h; path = stb_truetype.h; sourceTree = "<group>"; };
		D92830ED1CB4F502007D2930 /* BaseEngine.cpp */ = {isa = PBXFileReference; fileEncoding = 4; lastKnownFileType = sourcecode.cpp.cpp; path = BaseEngine.cpp; sourceTree = "<group>"; };
		D92830EE1CB4F502007D2930 /* BaseEngine.h */ = {isa = PBXFileReference; fileEncoding = 4; lastKnownFileType = sourcecode.c.h; path = BaseEngine.h; sourceTree = "<group>"; };
		D92830EF1CB4F502007D2930 /* BaseTheme.cpp */ = {isa = PBXFileReference; fileEncoding = 4; lastKnownFileType = sourcecode.cpp.cpp; path = BaseTheme.cpp; sourceTree = "<group>"; };
		D92830F01CB4F502007D2930 /* BaseTheme.h */ = {isa = PBXFileReference; fileEncoding = 4; lastKnownFileType = sourcecode.c.h; path = BaseTheme.h; sourceTree = "<group>"; };
		D92830F11CB4F502007D2930 /* EngineGLFW.cpp */ = {isa = PBXFileReference; fileEncoding = 4; lastKnownFileType = sourcecode.cpp.cpp; path = EngineGLFW.cpp; sourceTree = "<group>"; };
		D92830F21CB4F502007D2930 /* EngineGLFW.h */ = {isa = PBXFileReference; fileEncoding = 4; lastKnownFileType = sourcecode.c.h; path = EngineGLFW.h; sourceTree = "<group>"; };
		D92830F31CB4F502007D2930 /* EngineOpenGLES.cpp */ = {isa = PBXFileReference; fileEncoding = 4; lastKnownFileType = sourcecode.cpp.cpp; path = EngineOpenGLES.cpp; sourceTree = "<group>"; };
		D92830F41CB4F502007D2930 /* EngineOpenGLES.h */ = {isa = PBXFileReference; fileEncoding = 4; lastKnownFileType = sourcecode.c.h; path = EngineOpenGLES.h; sourceTree = "<group>"; };
		D92830F51CB4F502007D2930 /* imconfig.h */ = {isa = PBXFileReference; fileEncoding = 4; lastKnownFileType = sourcecode.c.h; path = imconfig.h; sourceTree = "<group>"; };
		D92830F61CB4F502007D2930 /* ofxImGui.cpp */ = {isa = PBXFileReference; fileEncoding = 4; lastKnownFileType = sourcecode.cpp.cpp; path = ofxImGui.cpp; sourceTree = "<group>"; };
		D92830F71CB4F502007D2930 /* ofxImGui.h */ = {isa = PBXFileReference; fileEncoding = 4; lastKnownFileType = sourcecode.c.h; path = ofxImGui.h; sourceTree = "<group>"; };
		D92830F81CB4F502007D2930 /* ThemeTest.h */ = {isa = PBXFileReference; fileEncoding = 4; lastKnownFileType = sourcecode.c.h; path = ThemeTest.h; sourceTree = "<group>"; };
		D92831001CB4F538007D2930 /* main.cpp */ = {isa = PBXFileReference; fileEncoding = 4; lastKnownFileType = sourcecode.cpp.cpp; path = main.cpp; sourceTree = "<group>"; };
		D92831011CB4F538007D2930 /* ofApp.cpp */ = {isa = PBXFileReference; fileEncoding = 4; lastKnownFileType = sourcecode.cpp.cpp; path = ofApp.cpp; sourceTree = "<group>"; };
		D92831021CB4F538007D2930 /* ofApp.h */ = {isa = PBXFileReference; fileEncoding = 4; lastKnownFileType = sourcecode.c.h; path = ofApp.h; sourceTree = "<group>"; };
		D92831051CB4F57F007D2930 /* libtbb.dylib */ = {isa = PBXFileReference; lastKnownFileType = "compiled.mach-o.dylib"; name = libtbb.dylib; path = ../libs/tbb44_20150728oss/lib/libtbb.dylib; sourceTree = "<group>"; };
		D92831061CB4F57F007D2930 /* libtbbmalloc.dylib */ = {isa = PBXFileReference; lastKnownFileType = "compiled.mach-o.dylib"; name = libtbbmalloc.dylib; path = ../libs/tbb44_20150728oss/lib/libtbbmalloc.dylib; sourceTree = "<group>"; };
		E4328143138ABC890047C5CB /* openFrameworksLib.xcodeproj */ = {isa = PBXFileReference; lastKnownFileType = "wrapper.pb-project"; name = openFrameworksLib.xcodeproj; path = ../../../libs/openFrameworksCompiled/project/osx/openFrameworksLib.xcodeproj; sourceTree = SOURCE_ROOT; };
		E4B69B5B0A3A1756003C02F2 /* converter-osxDebug.app */ = {isa = PBXFileReference; explicitFileType = wrapper.application; includeInIndex = 0; path = "converter-osxDebug.app"; sourceTree = BUILT_PRODUCTS_DIR; };
		E4B6FCAD0C3E899E008CF71C /* openFrameworks-Info.plist */ = {isa = PBXFileReference; fileEncoding = 30; lastKnownFileType = text.plist.xml; path = "openFrameworks-Info.plist"; sourceTree = "<group>"; };
		E4EB691F138AFCF100A09F29 /* CoreOF.xcconfig */ = {isa = PBXFileReference; fileEncoding = 4; lastKnownFileType = text.xcconfig; name = CoreOF.xcconfig; path = ../../../libs/openFrameworksCompiled/project/osx/CoreOF.xcconfig; sourceTree = SOURCE_ROOT; };
		E4EB6923138AFD0F00A09F29 /* Project.xcconfig */ = {isa = PBXFileReference; fileEncoding = 4; lastKnownFileType = text.xcconfig; path = Project.xcconfig; sourceTree = "<group>"; };
		FC7F18CCFE6C143A2F80F7A1 /* GpuVideoReaderDecompressed.hpp */ = {isa = PBXFileReference; explicitFileType = sourcecode.c.h; fileEncoding = 30; name = GpuVideoReaderDecompressed.hpp; path = ../../../addons/ofxExtremeGpuVideo/src/GpuVideoReaderDecompressed.hpp; sourceTree = SOURCE_ROOT; };
/* End PBXFileReference section */

/* Begin PBXFrameworksBuildPhase section */
		E4B69B590A3A1756003C02F2 /* Frameworks */ = {
			isa = PBXFrameworksBuildPhase;
			buildActionMask = 2147483647;
			files = (
				D92831071CB4F57F007D2930 /* libtbb.dylib in Frameworks */,
				D92831081CB4F57F007D2930 /* libtbbmalloc.dylib in Frameworks */,
				E4328149138ABC9F0047C5CB /* openFrameworksDebug.a in Frameworks */,
			);
			runOnlyForDeploymentPostprocessing = 0;
		};
/* End PBXFrameworksBuildPhase section */

/* Begin PBXGroup section */
		319B083E9C5BB5E80B87E353 /* libs */ = {
			isa = PBXGroup;
			children = (
				D92830DA1CB4F4EB007D2930 /* ofxImGui */,
				D92830B81CB4F4E0007D2930 /* squish-1.11_lib */,
				5C11E92FF5280F1591B3F348 /* lz4 */,
			);
			name = libs;
			sourceTree = "<group>";
		};
		418BEEB59DB9672FB257D1C7 /* lib */ = {
			isa = PBXGroup;
			children = (
				787A97924FCF2F83978EEAD6 /* lz4.c */,
				B763FF195392C1B8D926C89A /* lz4.h */,
				42772E59F29D99864BA3FDE1 /* lz4frame.c */,
				3861A4935D9D45EA32DDEACF /* lz4frame.h */,
				281A830445429C3D14A0A958 /* lz4frame_static.h */,
				50C2608E9759CEF677129FFA /* lz4hc.c */,
				46D7B67B0DF4C5EC67D4A20C /* lz4hc.h */,
				49390FE9328E35A41B61A103 /* xxhash.c */,
				D4AD4FEDAEFF16FF6E2B1ADC /* xxhash.h */,
			);
			name = lib;
			sourceTree = "<group>";
		};
		5487DBC255734D03D2C57786 /* ofxExtremeGpuVideo */ = {
			isa = PBXGroup;
			children = (
				E69EECAC14CD659E76D4BA65 /* src */,
				319B083E9C5BB5E80B87E353 /* libs */,
			);
			name = ofxExtremeGpuVideo;
			sourceTree = "<group>";
		};
		5C11E92FF5280F1591B3F348 /* lz4 */ = {
			isa = PBXGroup;
			children = (
				418BEEB59DB9672FB257D1C7 /* lib */,
			);
			name = lz4;
			sourceTree = "<group>";
		};
		6948EE371B920CB800B5AC1A /* local_addons */ = {
			isa = PBXGroup;
			children = (
			);
			name = local_addons;
			sourceTree = "<group>";
		};
		BB4B014C10F69532006C3DED /* addons */ = {
			isa = PBXGroup;
			children = (
				5487DBC255734D03D2C57786 /* ofxExtremeGpuVideo */,
			);
			name = addons;
			sourceTree = "<group>";
		};
		D92830B81CB4F4E0007D2930 /* squish-1.11_lib */ = {
			isa = PBXGroup;
			children = (
				D92830B91CB4F4E0007D2930 /* alpha.cpp */,
				D92830BA1CB4F4E0007D2930 /* alpha.h */,
				D92830BB1CB4F4E0007D2930 /* clusterfit.cpp */,
				D92830BC1CB4F4E0007D2930 /* clusterfit.h */,
				D92830BD1CB4F4E0007D2930 /* colourblock.cpp */,
				D92830BE1CB4F4E0007D2930 /* colourblock.h */,
				D92830BF1CB4F4E0007D2930 /* colourfit.cpp */,
				D92830C01CB4F4E0007D2930 /* colourfit.h */,
				D92830C11CB4F4E0007D2930 /* colourset.cpp */,
				D92830C21CB4F4E0007D2930 /* colourset.h */,
				D92830C31CB4F4E0007D2930 /* config.h */,
				D92830C41CB4F4E0007D2930 /* maths.cpp */,
				D92830C51CB4F4E0007D2930 /* maths.h */,
				D92830C61CB4F4E0007D2930 /* rangefit.cpp */,
				D92830C71CB4F4E0007D2930 /* rangefit.h */,
				D92830C81CB4F4E0007D2930 /* simd.h */,
				D92830C91CB4F4E0007D2930 /* simd_float.h */,
				D92830CA1CB4F4E0007D2930 /* simd_sse.h */,
				D92830CB1CB4F4E0007D2930 /* simd_ve.h */,
				D92830CC1CB4F4E0007D2930 /* singlecolourfit.cpp */,
				D92830CD1CB4F4E0007D2930 /* singlecolourfit.h */,
				D92830CE1CB4F4E0007D2930 /* singlecolourlookup.inl */,
				D92830CF1CB4F4E0007D2930 /* squish.cpp */,
				D92830D01CB4F4E0007D2930 /* squish.h */,
			);
			name = "squish-1.11_lib";
			path = "../libs/squish-1.11_lib";
			sourceTree = "<group>";
		};
		D92830DA1CB4F4EB007D2930 /* ofxImGui */ = {
			isa = PBXGroup;
			children = (
				D92830EC1CB4F502007D2930 /* src */,
				D92830DB1CB4F4F7007D2930 /* libs */,
			);
			name = ofxImGui;
			sourceTree = "<group>";
		};
		D92830DB1CB4F4F7007D2930 /* libs */ = {
			isa = PBXGroup;
			children = (
				D92830DC1CB4F4F7007D2930 /* imgui */,
			);
			name = libs;
			path = ../libs/ofxImGui/libs;
			sourceTree = "<group>";
		};
		D92830DC1CB4F4F7007D2930 /* imgui */ = {
			isa = PBXGroup;
			children = (
				D92830DD1CB4F4F7007D2930 /* src */,
			);
			path = imgui;
			sourceTree = "<group>";
		};
		D92830DD1CB4F4F7007D2930 /* src */ = {
			isa = PBXGroup;
			children = (
				D92830DE1CB4F4F7007D2930 /* imgui.cpp */,
				D92830DF1CB4F4F7007D2930 /* imgui.h */,
				D92830E01CB4F4F7007D2930 /* imgui_demo.cpp */,
				D92830E11CB4F4F7007D2930 /* imgui_draw.cpp */,
				D92830E21CB4F4F7007D2930 /* imgui_internal.h */,
				D92830E51CB4F4F7007D2930 /* stb_rect_pack.h */,
				D92830E61CB4F4F7007D2930 /* stb_textedit.h */,
				D92830E71CB4F4F7007D2930 /* stb_truetype.h */,
			);
			path = src;
			sourceTree = "<group>";
		};
		D92830EC1CB4F502007D2930 /* src */ = {
			isa = PBXGroup;
			children = (
				D92830ED1CB4F502007D2930 /* BaseEngine.cpp */,
				D92830EE1CB4F502007D2930 /* BaseEngine.h */,
				D92830EF1CB4F502007D2930 /* BaseTheme.cpp */,
				D92830F01CB4F502007D2930 /* BaseTheme.h */,
				D92830F11CB4F502007D2930 /* EngineGLFW.cpp */,
				D92830F21CB4F502007D2930 /* EngineGLFW.h */,
				D92830F31CB4F502007D2930 /* EngineOpenGLES.cpp */,
				D92830F41CB4F502007D2930 /* EngineOpenGLES.h */,
				D92830F51CB4F502007D2930 /* imconfig.h */,
				D92830F61CB4F502007D2930 /* ofxImGui.cpp */,
				D92830F71CB4F502007D2930 /* ofxImGui.h */,
				D92830F81CB4F502007D2930 /* ThemeTest.h */,
			);
			name = src;
			path = ../libs/ofxImGui/src;
			sourceTree = "<group>";
		};
		D92830FF1CB4F538007D2930 /* converter-src */ = {
			isa = PBXGroup;
			children = (
				D92831001CB4F538007D2930 /* main.cpp */,
				D92831011CB4F538007D2930 /* ofApp.cpp */,
				D92831021CB4F538007D2930 /* ofApp.h */,
			);
			name = "converter-src";
			path = "../../converter-src";
			sourceTree = "<group>";
		};
		E4328144138ABC890047C5CB /* Products */ = {
			isa = PBXGroup;
			children = (
				E4328148138ABC890047C5CB /* openFrameworksDebug.a */,
			);
			name = Products;
			sourceTree = "<group>";
		};
		E4B69B4A0A3A1720003C02F2 = {
			isa = PBXGroup;
			children = (
				D92831051CB4F57F007D2930 /* libtbb.dylib */,
				D92831061CB4F57F007D2930 /* libtbbmalloc.dylib */,
				E4B6FCAD0C3E899E008CF71C /* openFrameworks-Info.plist */,
				E4EB6923138AFD0F00A09F29 /* Project.xcconfig */,
				E4B69E1C0A3A1BDC003C02F2 /* src */,
				E4EEC9E9138DF44700A80321 /* openFrameworks */,
				BB4B014C10F69532006C3DED /* addons */,
				6948EE371B920CB800B5AC1A /* local_addons */,
				E4B69B5B0A3A1756003C02F2 /* converter-osxDebug.app */,
			);
			sourceTree = "<group>";
		};
		E4B69E1C0A3A1BDC003C02F2 /* src */ = {
			isa = PBXGroup;
			children = (
				D92830FF1CB4F538007D2930 /* converter-src */,
			);
			path = src;
			sourceTree = SOURCE_ROOT;
		};
		E4EEC9E9138DF44700A80321 /* openFrameworks */ = {
			isa = PBXGroup;
			children = (
				E4EB691F138AFCF100A09F29 /* CoreOF.xcconfig */,
				E4328143138ABC890047C5CB /* openFrameworksLib.xcodeproj */,
			);
			name = openFrameworks;
			sourceTree = "<group>";
		};
		E69EECAC14CD659E76D4BA65 /* src */ = {
			isa = PBXGroup;
			children = (
				116BA1DE070EA0D658025311 /* GpuVideo.hpp */,
				C135168C837029DBC2A14A06 /* GpuVideoIO.hpp */,
				C9AEC73E2419044B33B8D988 /* GpuVideoOnGpuMemoryTexture.cpp */,
				603E3CCD66900DAA0427746D /* GpuVideoOnGpuMemoryTexture.hpp */,
				AFD2FD33B4C1CB87B29CB68B /* GpuVideoReader.cpp */,
				97248EAAE088FCBB1FF89936 /* GpuVideoReader.hpp */,
				46FA334DBA0B1DF3ACA95812 /* GpuVideoReaderDecompressed.cpp */,
				FC7F18CCFE6C143A2F80F7A1 /* GpuVideoReaderDecompressed.hpp */,
				63D6C683F2486F1FD9036E42 /* GpuVideoStreamingTexture.cpp */,
				57DAF36D8A506C867C52398C /* GpuVideoStreamingTexture.hpp */,
				9BB316E6D63D3ACC455E20A5 /* GpuVideoTexture.hpp */,
				6F2ED9FB55231452BB12BE07 /* ofxExtremeGpuVideo.cpp */,
				0D911E96B713DBA0A754BF67 /* ofxExtremeGpuVideo.hpp */,
			);
			name = src;
			sourceTree = "<group>";
		};
/* End PBXGroup section */

/* Begin PBXNativeTarget section */
		E4B69B5A0A3A1756003C02F2 /* converter-osx */ = {
			isa = PBXNativeTarget;
			buildConfigurationList = E4B69B5F0A3A1757003C02F2 /* Build configuration list for PBXNativeTarget "converter-osx" */;
			buildPhases = (
				E4B69B580A3A1756003C02F2 /* Sources */,
				E4B69B590A3A1756003C02F2 /* Frameworks */,
				E4B6FFFD0C3F9AB9008CF71C /* ShellScript */,
				E4C2427710CC5ABF004149E2 /* CopyFiles */,
			);
			buildRules = (
			);
			dependencies = (
				E4EEB9AC138B136A00A80321 /* PBXTargetDependency */,
			);
			name = "converter-osx";
			productName = myOFApp;
			productReference = E4B69B5B0A3A1756003C02F2 /* converter-osxDebug.app */;
			productType = "com.apple.product-type.application";
		};
/* End PBXNativeTarget section */

/* Begin PBXProject section */
		E4B69B4C0A3A1720003C02F2 /* Project object */ = {
			isa = PBXProject;
			attributes = {
				LastUpgradeCheck = 0600;
			};
			buildConfigurationList = E4B69B4D0A3A1720003C02F2 /* Build configuration list for PBXProject "converter-osx" */;
			compatibilityVersion = "Xcode 3.2";
			developmentRegion = English;
			hasScannedForEncodings = 0;
			knownRegions = (
				English,
				Japanese,
				French,
				German,
			);
			mainGroup = E4B69B4A0A3A1720003C02F2;
			productRefGroup = E4B69B4A0A3A1720003C02F2;
			projectDirPath = "";
			projectReferences = (
				{
					ProductGroup = E4328144138ABC890047C5CB /* Products */;
					ProjectRef = E4328143138ABC890047C5CB /* openFrameworksLib.xcodeproj */;
				},
			);
			projectRoot = "";
			targets = (
				E4B69B5A0A3A1756003C02F2 /* converter-osx */,
			);
		};
/* End PBXProject section */

/* Begin PBXReferenceProxy section */
		E4328148138ABC890047C5CB /* openFrameworksDebug.a */ = {
			isa = PBXReferenceProxy;
			fileType = archive.ar;
			path = openFrameworksDebug.a;
			remoteRef = E4328147138ABC890047C5CB /* PBXContainerItemProxy */;
			sourceTree = BUILT_PRODUCTS_DIR;
		};
/* End PBXReferenceProxy section */

/* Begin PBXShellScriptBuildPhase section */
		E4B6FFFD0C3F9AB9008CF71C /* ShellScript */ = {
			isa = PBXShellScriptBuildPhase;
			buildActionMask = 2147483647;
			files = (
			);
			inputPaths = (
			);
			outputPaths = (
			);
			runOnlyForDeploymentPostprocessing = 0;
			shellPath = /bin/sh;
			shellScript = "mkdir -p \"$TARGET_BUILD_DIR/$PRODUCT_NAME.app/Contents/Resources/\"\n# Copy default icon file into App/Resources\nrsync -aved \"$ICON_FILE\" \"$TARGET_BUILD_DIR/$PRODUCT_NAME.app/Contents/Resources/\"\n# Copy libfmod and change install directory for fmod to run\nrsync -aved ../../../libs/fmodex/lib/osx/libfmodex.dylib \"$TARGET_BUILD_DIR/$PRODUCT_NAME.app/Contents/Frameworks/\";\ninstall_name_tool -change @executable_path/libfmodex.dylib @executable_path/../Frameworks/libfmodex.dylib \"$TARGET_BUILD_DIR/$PRODUCT_NAME.app/Contents/MacOS/$PRODUCT_NAME\";\n# Copy GLUT framework (must remove for AppStore submissions)\nrsync -aved ../../../libs/glut/lib/osx/GLUT.framework \"$TARGET_BUILD_DIR/$PRODUCT_NAME.app/Contents/Frameworks/\"\n";
		};
/* End PBXShellScriptBuildPhase section */

/* Begin PBXSourcesBuildPhase section */
		E4B69B580A3A1756003C02F2 /* Sources */ = {
			isa = PBXSourcesBuildPhase;
			buildActionMask = 2147483647;
			files = (
				D92830D61CB4F4E0007D2930 /* maths.cpp in Sources */,
				07EFD2E92292EFC1444EAC1B /* GpuVideoOnGpuMemoryTexture.cpp in Sources */,
				D92830D81CB4F4E0007D2930 /* singlecolourfit.cpp in Sources */,
				D92830FB1CB4F502007D2930 /* EngineGLFW.cpp in Sources */,
				D92830EA1CB4F4F7007D2930 /* imgui_draw.cpp in Sources */,
				D92830E81CB4F4F7007D2930 /* imgui.cpp in Sources */,
				D92830FA1CB4F502007D2930 /* BaseTheme.cpp in Sources */,
				D92830D31CB4F4E0007D2930 /* colourblock.cpp in Sources */,
				38FC2776261E578E0F51B4E6 /* GpuVideoReader.cpp in Sources */,
				6D67B285D38C1F35CF0617B8 /* GpuVideoReaderDecompressed.cpp in Sources */,
				671E6CB5530ACCB38EB0B46A /* GpuVideoStreamingTexture.cpp in Sources */,
				D92830D21CB4F4E0007D2930 /* clusterfit.cpp in Sources */,
				F82803B762DBA06C94D43A83 /* ofxExtremeGpuVideo.cpp in Sources */,
				076302CCA669DA47E9F0B24B /* lz4.c in Sources */,
				D92831041CB4F538007D2930 /* ofApp.cpp in Sources */,
				D92830D91CB4F4E0007D2930 /* squish.cpp in Sources */,
				D92830D11CB4F4E0007D2930 /* alpha.cpp in Sources */,
				8D8225A748A13519BB37C752 /* lz4frame.c in Sources */,
				D92831031CB4F538007D2930 /* main.cpp in Sources */,
				D92830E91CB4F4F7007D2930 /* imgui_demo.cpp in Sources */,
				D92830D71CB4F4E0007D2930 /* rangefit.cpp in Sources */,
				30E627DBAD346AC285BCB3B2 /* lz4hc.c in Sources */,
				0C2321A5B95B5E2BD3098546 /* xxhash.c in Sources */,
				D92830FD1CB4F502007D2930 /* ofxImGui.cpp in Sources */,
				D92830D51CB4F4E0007D2930 /* colourset.cpp in Sources */,
				D92830F91CB4F502007D2930 /* BaseEngine.cpp in Sources */,
				D92830FC1CB4F502007D2930 /* EngineOpenGLES.cpp in Sources */,
				D92830D41CB4F4E0007D2930 /* colourfit.cpp in Sources */,
			);
			runOnlyForDeploymentPostprocessing = 0;
		};
/* End PBXSourcesBuildPhase section */

/* Begin PBXTargetDependency section */
		E4EEB9AC138B136A00A80321 /* PBXTargetDependency */ = {
			isa = PBXTargetDependency;
			name = openFrameworks;
			targetProxy = E4EEB9AB138B136A00A80321 /* PBXContainerItemProxy */;
		};
/* End PBXTargetDependency section */

/* Begin XCBuildConfiguration section */
		E4B69B4E0A3A1720003C02F2 /* Debug */ = {
			isa = XCBuildConfiguration;
			baseConfigurationReference = E4EB6923138AFD0F00A09F29 /* Project.xcconfig */;
			buildSettings = {
				CONFIGURATION_BUILD_DIR = "$(SRCROOT)/bin/";
				COPY_PHASE_STRIP = NO;
				DEAD_CODE_STRIPPING = YES;
				GCC_AUTO_VECTORIZATION = YES;
				GCC_ENABLE_SSE3_EXTENSIONS = YES;
				GCC_ENABLE_SUPPLEMENTAL_SSE3_INSTRUCTIONS = YES;
				GCC_INLINES_ARE_PRIVATE_EXTERN = NO;
				GCC_OPTIMIZATION_LEVEL = 0;
				GCC_SYMBOLS_PRIVATE_EXTERN = NO;
				GCC_WARN_ABOUT_DEPRECATED_FUNCTIONS = YES;
				GCC_WARN_ABOUT_INVALID_OFFSETOF_MACRO = NO;
				GCC_WARN_ALLOW_INCOMPLETE_PROTOCOL = NO;
				GCC_WARN_UNINITIALIZED_AUTOS = NO;
				GCC_WARN_UNUSED_VALUE = NO;
				GCC_WARN_UNUSED_VARIABLE = NO;
				HEADER_SEARCH_PATHS = (
					"$(OF_CORE_HEADERS)",
					../../../addons/ofxExtremeGpuVideo/libs/lz4/lib,
					../../../addons/ofxExtremeGpuVideo/src,
				);
				MACOSX_DEPLOYMENT_TARGET = 10.8;
				ONLY_ACTIVE_ARCH = YES;
				OTHER_CPLUSPLUSFLAGS = (
					"-D__MACOSX_CORE__",
					"-mtune=native",
				);
				SDKROOT = macosx;
			};
			name = Debug;
		};
		E4B69B4F0A3A1720003C02F2 /* Release */ = {
			isa = XCBuildConfiguration;
			baseConfigurationReference = E4EB6923138AFD0F00A09F29 /* Project.xcconfig */;
			buildSettings = {
				CONFIGURATION_BUILD_DIR = "$(SRCROOT)/bin/";
				COPY_PHASE_STRIP = YES;
				DEAD_CODE_STRIPPING = YES;
				GCC_AUTO_VECTORIZATION = YES;
				GCC_ENABLE_SSE3_EXTENSIONS = YES;
				GCC_ENABLE_SUPPLEMENTAL_SSE3_INSTRUCTIONS = YES;
				GCC_INLINES_ARE_PRIVATE_EXTERN = NO;
				GCC_OPTIMIZATION_LEVEL = 3;
				GCC_SYMBOLS_PRIVATE_EXTERN = NO;
				GCC_UNROLL_LOOPS = YES;
				GCC_WARN_ABOUT_DEPRECATED_FUNCTIONS = YES;
				GCC_WARN_ABOUT_INVALID_OFFSETOF_MACRO = NO;
				GCC_WARN_ALLOW_INCOMPLETE_PROTOCOL = NO;
				GCC_WARN_UNINITIALIZED_AUTOS = NO;
				GCC_WARN_UNUSED_VALUE = NO;
				GCC_WARN_UNUSED_VARIABLE = NO;
				HEADER_SEARCH_PATHS = (
					"$(OF_CORE_HEADERS)",
					../../../addons/ofxExtremeGpuVideo/libs/lz4/lib,
					../../../addons/ofxExtremeGpuVideo/src,
				);
				MACOSX_DEPLOYMENT_TARGET = 10.8;
				OTHER_CPLUSPLUSFLAGS = (
					"-D__MACOSX_CORE__",
					"-mtune=native",
				);
				SDKROOT = macosx;
			};
			name = Release;
		};
		E4B69B600A3A1757003C02F2 /* Debug */ = {
			isa = XCBuildConfiguration;
			baseConfigurationReference = E4EB6923138AFD0F00A09F29 /* Project.xcconfig */;
			buildSettings = {
				COMBINE_HIDPI_IMAGES = YES;
				COPY_PHASE_STRIP = NO;
				FRAMEWORK_SEARCH_PATHS = (
					"$(inherited)",
					"$(FRAMEWORK_SEARCH_PATHS_QUOTED_FOR_TARGET_1)",
				);
				FRAMEWORK_SEARCH_PATHS_QUOTED_FOR_TARGET_1 = "\"$(SRCROOT)/../../../libs/glut/lib/osx\"";
				GCC_DYNAMIC_NO_PIC = NO;
				GCC_GENERATE_DEBUGGING_SYMBOLS = YES;
				GCC_MODEL_TUNING = NONE;
				HEADER_SEARCH_PATHS = (
					"$(OF_CORE_HEADERS)",
					../../../addons/ofxExtremeGpuVideo/libs/lz4/lib,
					../../../addons/ofxExtremeGpuVideo/src,
					"\"$(SRCROOT)/../libs/tbb44_20150728oss/include\"",
				);
				ICON = "$(ICON_NAME_DEBUG)";
				ICON_FILE = "$(ICON_FILE_PATH)$(ICON)";
				INFOPLIST_FILE = "openFrameworks-Info.plist";
				INSTALL_PATH = /Applications;
				LD_RUNPATH_SEARCH_PATHS = "@loader_path/../Frameworks/";
				LIBRARY_SEARCH_PATHS = (
					"$(inherited)",
					"\"$(SRCROOT)/../libs/tbb44_20150728oss/lib/",
				);
				PRODUCT_NAME = "$(TARGET_NAME)Debug";
				WRAPPER_EXTENSION = app;
			};
			name = Debug;
		};
		E4B69B610A3A1757003C02F2 /* Release */ = {
			isa = XCBuildConfiguration;
			baseConfigurationReference = E4EB6923138AFD0F00A09F29 /* Project.xcconfig */;
			buildSettings = {
				COMBINE_HIDPI_IMAGES = YES;
				COPY_PHASE_STRIP = YES;
				FRAMEWORK_SEARCH_PATHS = (
					"$(inherited)",
					"$(FRAMEWORK_SEARCH_PATHS_QUOTED_FOR_TARGET_1)",
				);
				FRAMEWORK_SEARCH_PATHS_QUOTED_FOR_TARGET_1 = "\"$(SRCROOT)/../../../libs/glut/lib/osx\"";
				GCC_GENERATE_DEBUGGING_SYMBOLS = YES;
				GCC_MODEL_TUNING = NONE;
				HEADER_SEARCH_PATHS = (
					"$(OF_CORE_HEADERS)",
					../../../addons/ofxExtremeGpuVideo/libs/lz4/lib,
					../../../addons/ofxExtremeGpuVideo/src,
					"\"$(SRCROOT)/../libs/tbb44_20150728oss/include\"",
				);
				ICON = "$(ICON_NAME_RELEASE)";
				ICON_FILE = "$(ICON_FILE_PATH)$(ICON)";
				INFOPLIST_FILE = "openFrameworks-Info.plist";
				INSTALL_PATH = /Applications;
				LD_RUNPATH_SEARCH_PATHS = "@loader_path/../Frameworks/";
				LIBRARY_SEARCH_PATHS = (
					"$(inherited)",
					"\"$(SRCROOT)/../libs/tbb44_20150728oss/lib/",
				);
				PRODUCT_NAME = "$(TARGET_NAME)";
				WRAPPER_EXTENSION = app;
				baseConfigurationReference = E4EB6923138AFD0F00A09F29;
			};
			name = Release;
		};
/* End XCBuildConfiguration section */

/* Begin XCConfigurationList section */
		E4B69B4D0A3A1720003C02F2 /* Build configuration list for PBXProject "converter-osx" */ = {
			isa = XCConfigurationList;
			buildConfigurations = (
				E4B69B4E0A3A1720003C02F2 /* Debug */,
				E4B69B4F0A3A1720003C02F2 /* Release */,
			);
			defaultConfigurationIsVisible = 0;
			defaultConfigurationName = Release;
		};
		E4B69B5F0A3A1757003C02F2 /* Build configuration list for PBXNativeTarget "converter-osx" */ = {
			isa = XCConfigurationList;
			buildConfigurations = (
				E4B69B600A3A1757003C02F2 /* Debug */,
				E4B69B610A3A1757003C02F2 /* Release */,
			);
			defaultConfigurationIsVisible = 0;
			defaultConfigurationName = Release;
		};
/* End XCConfigurationList section */
	};
	rootObject = E4B69B4C0A3A1720003C02F2 /* Project object */;
}
