// !$*UTF8*$!
{
	archiveVersion = 1;
	classes = {
	};
	objectVersion = 46;
	objects = {

/* Begin PBXBuildFile section */
		D92D92891CAB6A7F009772B6 /* libtbbmalloc.dylib in Copy Files */ = {isa = PBXBuildFile; fileRef = D92D92871CAB6A7F009772B6 /* libtbbmalloc.dylib */; settings = {ATTRIBUTES = (CodeSignOnCopy, ); }; };
		D92D928A1CAB6A7F009772B6 /* libtbb.dylib in Copy Files */ = {isa = PBXBuildFile; fileRef = D92D92881CAB6A7F009772B6 /* libtbb.dylib */; settings = {ATTRIBUTES = (CodeSignOnCopy, ); }; };
		D92D92941CAB6AC1009772B6 /* lz4.c in Sources */ = {isa = PBXBuildFile; fileRef = D92D928B1CAB6AC1009772B6 /* lz4.c */; };
		D92D92951CAB6AC1009772B6 /* lz4frame.c in Sources */ = {isa = PBXBuildFile; fileRef = D92D928E1CAB6AC1009772B6 /* lz4frame.c */; };
		D92D92961CAB6AC1009772B6 /* lz4hc.c in Sources */ = {isa = PBXBuildFile; fileRef = D92D92901CAB6AC1009772B6 /* lz4hc.c */; };
		D92D92971CAB6AC1009772B6 /* xxhash.c in Sources */ = {isa = PBXBuildFile; fileRef = D92D92921CAB6AC1009772B6 /* xxhash.c */; };
		D92D92B01CAB6AD1009772B6 /* alpha.cpp in Sources */ = {isa = PBXBuildFile; fileRef = D92D92981CAB6AD1009772B6 /* alpha.cpp */; };
		D92D92B11CAB6AD1009772B6 /* clusterfit.cpp in Sources */ = {isa = PBXBuildFile; fileRef = D92D929A1CAB6AD1009772B6 /* clusterfit.cpp */; };
		D92D92B21CAB6AD1009772B6 /* colourblock.cpp in Sources */ = {isa = PBXBuildFile; fileRef = D92D929C1CAB6AD1009772B6 /* colourblock.cpp */; };
		D92D92B31CAB6AD1009772B6 /* colourfit.cpp in Sources */ = {isa = PBXBuildFile; fileRef = D92D929E1CAB6AD1009772B6 /* colourfit.cpp */; };
		D92D92B41CAB6AD1009772B6 /* colourset.cpp in Sources */ = {isa = PBXBuildFile; fileRef = D92D92A01CAB6AD1009772B6 /* colourset.cpp */; };
		D92D92B51CAB6AD1009772B6 /* maths.cpp in Sources */ = {isa = PBXBuildFile; fileRef = D92D92A31CAB6AD1009772B6 /* maths.cpp */; };
		D92D92B61CAB6AD1009772B6 /* rangefit.cpp in Sources */ = {isa = PBXBuildFile; fileRef = D92D92A51CAB6AD1009772B6 /* rangefit.cpp */; };
		D92D92B71CAB6AD1009772B6 /* singlecolourfit.cpp in Sources */ = {isa = PBXBuildFile; fileRef = D92D92AB1CAB6AD1009772B6 /* singlecolourfit.cpp */; };
		D92D92B81CAB6AD1009772B6 /* squish.cpp in Sources */ = {isa = PBXBuildFile; fileRef = D92D92AE1CAB6AD1009772B6 /* squish.cpp */; };
		D92D92EF1CAB6C84009772B6 /* imgui.cpp in Sources */ = {isa = PBXBuildFile; fileRef = D92D92D81CAB6C84009772B6 /* imgui.cpp */; };
		D92D92F01CAB6C84009772B6 /* imgui_demo.cpp in Sources */ = {isa = PBXBuildFile; fileRef = D92D92DA1CAB6C84009772B6 /* imgui_demo.cpp */; };
		D92D92F11CAB6C84009772B6 /* imgui_draw.cpp in Sources */ = {isa = PBXBuildFile; fileRef = D92D92DB1CAB6C84009772B6 /* imgui_draw.cpp */; };
		D92D92F21CAB6C84009772B6 /* README.md in Sources */ = {isa = PBXBuildFile; fileRef = D92D92DE1CAB6C84009772B6 /* README.md */; };
		D92D92F31CAB6C84009772B6 /* BaseEngine.cpp in Sources */ = {isa = PBXBuildFile; fileRef = D92D92E31CAB6C84009772B6 /* BaseEngine.cpp */; };
		D92D92F41CAB6C84009772B6 /* BaseTheme.cpp in Sources */ = {isa = PBXBuildFile; fileRef = D92D92E51CAB6C84009772B6 /* BaseTheme.cpp */; };
		D92D92F51CAB6C84009772B6 /* EngineGLFW.cpp in Sources */ = {isa = PBXBuildFile; fileRef = D92D92E71CAB6C84009772B6 /* EngineGLFW.cpp */; };
		D92D92F61CAB6C84009772B6 /* EngineOpenGLES.cpp in Sources */ = {isa = PBXBuildFile; fileRef = D92D92E91CAB6C84009772B6 /* EngineOpenGLES.cpp */; };
		D92D92F71CAB6C84009772B6 /* ofxImGui.cpp in Sources */ = {isa = PBXBuildFile; fileRef = D92D92EC1CAB6C84009772B6 /* ofxImGui.cpp */; };
		D98571961CB4C1AD000DEAAA /* GpuVideoOnGpuMemoryTexture.cpp in Sources */ = {isa = PBXBuildFile; fileRef = D985718B1CB4C1AD000DEAAA /* GpuVideoOnGpuMemoryTexture.cpp */; };
		D98571971CB4C1AD000DEAAA /* GpuVideoReader.cpp in Sources */ = {isa = PBXBuildFile; fileRef = D985718D1CB4C1AD000DEAAA /* GpuVideoReader.cpp */; };
		D98571981CB4C1AD000DEAAA /* GpuVideoReaderDecompressed.cpp in Sources */ = {isa = PBXBuildFile; fileRef = D985718F1CB4C1AD000DEAAA /* GpuVideoReaderDecompressed.cpp */; };
		D98571991CB4C1AD000DEAAA /* GpuVideoStreamingTexture.cpp in Sources */ = {isa = PBXBuildFile; fileRef = D98571911CB4C1AD000DEAAA /* GpuVideoStreamingTexture.cpp */; };
		D985719A1CB4C1AD000DEAAA /* ofxExtremeGpuVideo.cpp in Sources */ = {isa = PBXBuildFile; fileRef = D98571941CB4C1AD000DEAAA /* ofxExtremeGpuVideo.cpp */; };
		D9B557751CB4B0FC009FBE0F /* main.cpp in Sources */ = {isa = PBXBuildFile; fileRef = D9B557721CB4B0FC009FBE0F /* main.cpp */; };
		D9B557761CB4B0FC009FBE0F /* ofApp.cpp in Sources */ = {isa = PBXBuildFile; fileRef = D9B557731CB4B0FC009FBE0F /* ofApp.cpp */; };
		E4328149138ABC9F0047C5CB /* openFrameworksDebug.a in Frameworks */ = {isa = PBXBuildFile; fileRef = E4328148138ABC890047C5CB /* openFrameworksDebug.a */; };
/* End PBXBuildFile section */

/* Begin PBXContainerItemProxy section */
		E4328147138ABC890047C5CB /* PBXContainerItemProxy */ = {
			isa = PBXContainerItemProxy;
			containerPortal = E4328143138ABC890047C5CB /* openFrameworksLib.xcodeproj */;
			proxyType = 2;
			remoteGlobalIDString = E4B27C1510CBEB8E00536013;
			remoteInfo = openFrameworks;
		};
		E4EEB9AB138B136A00A80321 /* PBXContainerItemProxy */ = {
			isa = PBXContainerItemProxy;
			containerPortal = E4328143138ABC890047C5CB /* openFrameworksLib.xcodeproj */;
			proxyType = 1;
			remoteGlobalIDString = E4B27C1410CBEB8E00536013;
			remoteInfo = openFrameworks;
		};
/* End PBXContainerItemProxy section */

/* Begin PBXCopyFilesBuildPhase section */
		E4C2427710CC5ABF004149E2 /* Copy Files */ = {
			isa = PBXCopyFilesBuildPhase;
			buildActionMask = 2147483647;
			dstPath = "";
			dstSubfolderSpec = 10;
			files = (
				D92D92891CAB6A7F009772B6 /* libtbbmalloc.dylib in Copy Files */,
				D92D928A1CAB6A7F009772B6 /* libtbb.dylib in Copy Files */,
			);
			name = "Copy Files";
			runOnlyForDeploymentPostprocessing = 0;
		};
/* End PBXCopyFilesBuildPhase section */

/* Begin PBXFileReference section */
		D92D92871CAB6A7F009772B6 /* libtbbmalloc.dylib */ = {isa = PBXFileReference; lastKnownFileType = "compiled.mach-o.dylib"; name = libtbbmalloc.dylib; path = ../libs/tbb44_20150728oss/lib/libtbbmalloc.dylib; sourceTree = "<group>"; };
		D92D92881CAB6A7F009772B6 /* libtbb.dylib */ = {isa = PBXFileReference; lastKnownFileType = "compiled.mach-o.dylib"; name = libtbb.dylib; path = ../libs/tbb44_20150728oss/lib/libtbb.dylib; sourceTree = "<group>"; };
		D92D928B1CAB6AC1009772B6 /* lz4.c */ = {isa = PBXFileReference; fileEncoding = 4; lastKnownFileType = sourcecode.c.c; name = lz4.c; path = ../libs/lz4/lib/lz4.c; sourceTree = "<group>"; };
		D92D928C1CAB6AC1009772B6 /* lz4.h */ = {isa = PBXFileReference; fileEncoding = 4; lastKnownFileType = sourcecode.c.h; name = lz4.h; path = ../libs/lz4/lib/lz4.h; sourceTree = "<group>"; };
		D92D928D1CAB6AC1009772B6 /* lz4frame_static.h */ = {isa = PBXFileReference; fileEncoding = 4; lastKnownFileType = sourcecode.c.h; name = lz4frame_static.h; path = ../libs/lz4/lib/lz4frame_static.h; sourceTree = "<group>"; };
		D92D928E1CAB6AC1009772B6 /* lz4frame.c */ = {isa = PBXFileReference; fileEncoding = 4; lastKnownFileType = sourcecode.c.c; name = lz4frame.c; path = ../libs/lz4/lib/lz4frame.c; sourceTree = "<group>"; };
		D92D928F1CAB6AC1009772B6 /* lz4frame.h */ = {isa = PBXFileReference; fileEncoding = 4; lastKnownFileType = sourcecode.c.h; name = lz4frame.h; path = ../libs/lz4/lib/lz4frame.h; sourceTree = "<group>"; };
		D92D92901CAB6AC1009772B6 /* lz4hc.c */ = {isa = PBXFileReference; fileEncoding = 4; lastKnownFileType = sourcecode.c.c; name = lz4hc.c; path = ../libs/lz4/lib/lz4hc.c; sourceTree = "<group>"; };
		D92D92911CAB6AC1009772B6 /* lz4hc.h */ = {isa = PBXFileReference; fileEncoding = 4; lastKnownFileType = sourcecode.c.h; name = lz4hc.h; path = ../libs/lz4/lib/lz4hc.h; sourceTree = "<group>"; };
		D92D92921CAB6AC1009772B6 /* xxhash.c */ = {isa = PBXFileReference; fileEncoding = 4; lastKnownFileType = sourcecode.c.c; name = xxhash.c; path = ../libs/lz4/lib/xxhash.c; sourceTree = "<group>"; };
		D92D92931CAB6AC1009772B6 /* xxhash.h */ = {isa = PBXFileReference; fileEncoding = 4; lastKnownFileType = sourcecode.c.h; name = xxhash.h; path = ../libs/lz4/lib/xxhash.h; sourceTree = "<group>"; };
		D92D92981CAB6AD1009772B6 /* alpha.cpp */ = {isa = PBXFileReference; fileEncoding = 4; lastKnownFileType = sourcecode.cpp.cpp; name = alpha.cpp; path = "../../libs/squish-1.11_lib/alpha.cpp"; sourceTree = "<group>"; };
		D92D92991CAB6AD1009772B6 /* alpha.h */ = {isa = PBXFileReference; fileEncoding = 4; lastKnownFileType = sourcecode.c.h; name = alpha.h; path = "../../libs/squish-1.11_lib/alpha.h"; sourceTree = "<group>"; };
		D92D929A1CAB6AD1009772B6 /* clusterfit.cpp */ = {isa = PBXFileReference; fileEncoding = 4; lastKnownFileType = sourcecode.cpp.cpp; name = clusterfit.cpp; path = "../../libs/squish-1.11_lib/clusterfit.cpp"; sourceTree = "<group>"; };
		D92D929B1CAB6AD1009772B6 /* clusterfit.h */ = {isa = PBXFileReference; fileEncoding = 4; lastKnownFileType = sourcecode.c.h; name = clusterfit.h; path = "../../libs/squish-1.11_lib/clusterfit.h"; sourceTree = "<group>"; };
		D92D929C1CAB6AD1009772B6 /* colourblock.cpp */ = {isa = PBXFileReference; fileEncoding = 4; lastKnownFileType = sourcecode.cpp.cpp; name = colourblock.cpp; path = "../../libs/squish-1.11_lib/colourblock.cpp"; sourceTree = "<group>"; };
		D92D929D1CAB6AD1009772B6 /* colourblock.h */ = {isa = PBXFileReference; fileEncoding = 4; lastKnownFileType = sourcecode.c.h; name = colourblock.h; path = "../../libs/squish-1.11_lib/colourblock.h"; sourceTree = "<group>"; };
		D92D929E1CAB6AD1009772B6 /* colourfit.cpp */ = {isa = PBXFileReference; fileEncoding = 4; lastKnownFileType = sourcecode.cpp.cpp; name = colourfit.cpp; path = "../../libs/squish-1.11_lib/colourfit.cpp"; sourceTree = "<group>"; };
		D92D929F1CAB6AD1009772B6 /* colourfit.h */ = {isa = PBXFileReference; fileEncoding = 4; lastKnownFileType = sourcecode.c.h; name = colourfit.h; path = "../../libs/squish-1.11_lib/colourfit.h"; sourceTree = "<group>"; };
		D92D92A01CAB6AD1009772B6 /* colourset.cpp */ = {isa = PBXFileReference; fileEncoding = 4; lastKnownFileType = sourcecode.cpp.cpp; name = colourset.cpp; path = "../../libs/squish-1.11_lib/colourset.cpp"; sourceTree = "<group>"; };
		D92D92A11CAB6AD1009772B6 /* colourset.h */ = {isa = PBXFileReference; fileEncoding = 4; lastKnownFileType = sourcecode.c.h; name = colourset.h; path = "../../libs/squish-1.11_lib/colourset.h"; sourceTree = "<group>"; };
		D92D92A21CAB6AD1009772B6 /* config.h */ = {isa = PBXFileReference; fileEncoding = 4; lastKnownFileType = sourcecode.c.h; name = config.h; path = "../../libs/squish-1.11_lib/config.h"; sourceTree = "<group>"; };
		D92D92A31CAB6AD1009772B6 /* maths.cpp */ = {isa = PBXFileReference; fileEncoding = 4; lastKnownFileType = sourcecode.cpp.cpp; name = maths.cpp; path = "../../libs/squish-1.11_lib/maths.cpp"; sourceTree = "<group>"; };
		D92D92A41CAB6AD1009772B6 /* maths.h */ = {isa = PBXFileReference; fileEncoding = 4; lastKnownFileType = sourcecode.c.h; name = maths.h; path = "../../libs/squish-1.11_lib/maths.h"; sourceTree = "<group>"; };
		D92D92A51CAB6AD1009772B6 /* rangefit.cpp */ = {isa = PBXFileReference; fileEncoding = 4; lastKnownFileType = sourcecode.cpp.cpp; name = rangefit.cpp; path = "../../libs/squish-1.11_lib/rangefit.cpp"; sourceTree = "<group>"; };
		D92D92A61CAB6AD1009772B6 /* rangefit.h */ = {isa = PBXFileReference; fileEncoding = 4; lastKnownFileType = sourcecode.c.h; name = rangefit.h; path = "../../libs/squish-1.11_lib/rangefit.h"; sourceTree = "<group>"; };
		D92D92A71CAB6AD1009772B6 /* simd_float.h */ = {isa = PBXFileReference; fileEncoding = 4; lastKnownFileType = sourcecode.c.h; name = simd_float.h; path = "../../libs/squish-1.11_lib/simd_float.h"; sourceTree = "<group>"; };
		D92D92A81CAB6AD1009772B6 /* simd_sse.h */ = {isa = PBXFileReference; fileEncoding = 4; lastKnownFileType = sourcecode.c.h; name = simd_sse.h; path = "../../libs/squish-1.11_lib/simd_sse.h"; sourceTree = "<group>"; };
		D92D92A91CAB6AD1009772B6 /* simd_ve.h */ = {isa = PBXFileReference; fileEncoding = 4; lastKnownFileType = sourcecode.c.h; name = simd_ve.h; path = "../../libs/squish-1.11_lib/simd_ve.h"; sourceTree = "<group>"; };
		D92D92AA1CAB6AD1009772B6 /* simd.h */ = {isa = PBXFileReference; fileEncoding = 4; lastKnownFileType = sourcecode.c.h; name = simd.h; path = "../../libs/squish-1.11_lib/simd.h"; sourceTree = "<group>"; };
		D92D92AB1CAB6AD1009772B6 /* singlecolourfit.cpp */ = {isa = PBXFileReference; fileEncoding = 4; lastKnownFileType = sourcecode.cpp.cpp; name = singlecolourfit.cpp; path = "../../libs/squish-1.11_lib/singlecolourfit.cpp"; sourceTree = "<group>"; };
		D92D92AC1CAB6AD1009772B6 /* singlecolourfit.h */ = {isa = PBXFileReference; fileEncoding = 4; lastKnownFileType = sourcecode.c.h; name = singlecolourfit.h; path = "../../libs/squish-1.11_lib/singlecolourfit.h"; sourceTree = "<group>"; };
		D92D92AD1CAB6AD1009772B6 /* singlecolourlookup.inl */ = {isa = PBXFileReference; fileEncoding = 4; lastKnownFileType = text; name = singlecolourlookup.inl; path = "../../libs/squish-1.11_lib/singlecolourlookup.inl"; sourceTree = "<group>"; };
		D92D92AE1CAB6AD1009772B6 /* squish.cpp */ = {isa = PBXFileReference; fileEncoding = 4; lastKnownFileType = sourcecode.cpp.cpp; name = squish.cpp; path = "../../libs/squish-1.11_lib/squish.cpp"; sourceTree = "<group>"; };
		D92D92AF1CAB6AD1009772B6 /* squish.h */ = {isa = PBXFileReference; fileEncoding = 4; lastKnownFileType = sourcecode.c.h; name = squish.h; path = "../../libs/squish-1.11_lib/squish.h"; sourceTree = "<group>"; };
		D92D92D81CAB6C84009772B6 /* imgui.cpp */ = {isa = PBXFileReference; fileEncoding = 4; lastKnownFileType = sourcecode.cpp.cpp; path = imgui.cpp; sourceTree = "<group>"; };
		D92D92D91CAB6C84009772B6 /* imgui.h */ = {isa = PBXFileReference; fileEncoding = 4; lastKnownFileType = sourcecode.c.h; path = imgui.h; sourceTree = "<group>"; };
		D92D92DA1CAB6C84009772B6 /* imgui_demo.cpp */ = {isa = PBXFileReference; fileEncoding = 4; lastKnownFileType = sourcecode.cpp.cpp; path = imgui_demo.cpp; sourceTree = "<group>"; };
		D92D92DB1CAB6C84009772B6 /* imgui_draw.cpp */ = {isa = PBXFileReference; fileEncoding = 4; lastKnownFileType = sourcecode.cpp.cpp; path = imgui_draw.cpp; sourceTree = "<group>"; };
		D92D92DC1CAB6C84009772B6 /* imgui_internal.h */ = {isa = PBXFileReference; fileEncoding = 4; lastKnownFileType = sourcecode.c.h; path = imgui_internal.h; sourceTree = "<group>"; };
		D92D92DD1CAB6C84009772B6 /* LICENSE */ = {isa = PBXFileReference; fileEncoding = 4; lastKnownFileType = text; path = LICENSE; sourceTree = "<group>"; };
		D92D92DE1CAB6C84009772B6 /* README.md */ = {isa = PBXFileReference; fileEncoding = 4; lastKnownFileType = net.daringfireball.markdown; path = README.md; sourceTree = "<group>"; };
		D92D92DF1CAB6C84009772B6 /* stb_rect_pack.h */ = {isa = PBXFileReference; fileEncoding = 4; lastKnownFileType = sourcecode.c.h; path = stb_rect_pack.h; sourceTree = "<group>"; };
		D92D92E01CAB6C84009772B6 /* stb_textedit.h */ = {isa = PBXFileReference; fileEncoding = 4; lastKnownFileType = sourcecode.c.h; path = stb_textedit.h; sourceTree = "<group>"; };
		D92D92E11CAB6C84009772B6 /* stb_truetype.h */ = {isa = PBXFileReference; fileEncoding = 4; lastKnownFileType = sourcecode.c.h; path = stb_truetype.h; sourceTree = "<group>"; };
		D92D92E31CAB6C84009772B6 /* BaseEngine.cpp */ = {isa = PBXFileReference; fileEncoding = 4; lastKnownFileType = sourcecode.cpp.cpp; path = BaseEngine.cpp; sourceTree = "<group>"; };
		D92D92E41CAB6C84009772B6 /* BaseEngine.h */ = {isa = PBXFileReference; fileEncoding = 4; lastKnownFileType = sourcecode.c.h; path = BaseEngine.h; sourceTree = "<group>"; };
		D92D92E51CAB6C84009772B6 /* BaseTheme.cpp */ = {isa = PBXFileReference; fileEncoding = 4; lastKnownFileType = sourcecode.cpp.cpp; path = BaseTheme.cpp; sourceTree = "<group>"; };
		D92D92E61CAB6C84009772B6 /* BaseTheme.h */ = {isa = PBXFileReference; fileEncoding = 4; lastKnownFileType = sourcecode.c.h; path = BaseTheme.h; sourceTree = "<group>"; };
		D92D92E71CAB6C84009772B6 /* EngineGLFW.cpp */ = {isa = PBXFileReference; fileEncoding = 4; lastKnownFileType = sourcecode.cpp.cpp; path = EngineGLFW.cpp; sourceTree = "<group>"; };
		D92D92E81CAB6C84009772B6 /* EngineGLFW.h */ = {isa = PBXFileReference; fileEncoding = 4; lastKnownFileType = sourcecode.c.h; path = EngineGLFW.h; sourceTree = "<group>"; };
		D92D92E91CAB6C84009772B6 /* EngineOpenGLES.cpp */ = {isa = PBXFileReference; fileEncoding = 4; lastKnownFileType = sourcecode.cpp.cpp; path = EngineOpenGLES.cpp; sourceTree = "<group>"; };
		D92D92EA1CAB6C84009772B6 /* EngineOpenGLES.h */ = {isa = PBXFileReference; fileEncoding = 4; lastKnownFileType = sourcecode.c.h; path = EngineOpenGLES.h; sourceTree = "<group>"; };
		D92D92EB1CAB6C84009772B6 /* imconfig.h */ = {isa = PBXFileReference; fileEncoding = 4; lastKnownFileType = sourcecode.c.h; path = imconfig.h; sourceTree = "<group>"; };
		D92D92EC1CAB6C84009772B6 /* ofxImGui.cpp */ = {isa = PBXFileReference; fileEncoding = 4; lastKnownFileType = sourcecode.cpp.cpp; path = ofxImGui.cpp; sourceTree = "<group>"; };
		D92D92ED1CAB6C84009772B6 /* ofxImGui.h */ = {isa = PBXFileReference; fileEncoding = 4; lastKnownFileType = sourcecode.c.h; path = ofxImGui.h; sourceTree = "<group>"; };
		D92D92EE1CAB6C84009772B6 /* ThemeTest.h */ = {isa = PBXFileReference; fileEncoding = 4; lastKnownFileType = sourcecode.c.h; path = ThemeTest.h; sourceTree = "<group>"; };
		D985718A1CB4C1AD000DEAAA /* GpuVideo.hpp */ = {isa = PBXFileReference; fileEncoding = 4; lastKnownFileType = sourcecode.cpp.h; path = GpuVideo.hpp; sourceTree = "<group>"; };
		D985718B1CB4C1AD000DEAAA /* GpuVideoOnGpuMemoryTexture.cpp */ = {isa = PBXFileReference; fileEncoding = 4; lastKnownFileType = sourcecode.cpp.cpp; path = GpuVideoOnGpuMemoryTexture.cpp; sourceTree = "<group>"; };
		D985718C1CB4C1AD000DEAAA /* GpuVideoOnGpuMemoryTexture.hpp */ = {isa = PBXFileReference; fileEncoding = 4; lastKnownFileType = sourcecode.cpp.h; path = GpuVideoOnGpuMemoryTexture.hpp; sourceTree = "<group>"; };
		D985718D1CB4C1AD000DEAAA /* GpuVideoReader.cpp */ = {isa = PBXFileReference; fileEncoding = 4; lastKnownFileType = sourcecode.cpp.cpp; path = GpuVideoReader.cpp; sourceTree = "<group>"; };
		D985718E1CB4C1AD000DEAAA /* GpuVideoReader.hpp */ = {isa = PBXFileReference; fileEncoding = 4; lastKnownFileType = sourcecode.cpp.h; path = GpuVideoReader.hpp; sourceTree = "<group>"; };
		D985718F1CB4C1AD000DEAAA /* GpuVideoReaderDecompressed.cpp */ = {isa = PBXFileReference; fileEncoding = 4; lastKnownFileType = sourcecode.cpp.cpp; path = GpuVideoReaderDecompressed.cpp; sourceTree = "<group>"; };
		D98571901CB4C1AD000DEAAA /* GpuVideoReaderDecompressed.hpp */ = {isa = PBXFileReference; fileEncoding = 4; lastKnownFileType = sourcecode.cpp.h; path = GpuVideoReaderDecompressed.hpp; sourceTree = "<group>"; };
		D98571911CB4C1AD000DEAAA /* GpuVideoStreamingTexture.cpp */ = {isa = PBXFileReference; fileEncoding = 4; lastKnownFileType = sourcecode.cpp.cpp; path = GpuVideoStreamingTexture.cpp; sourceTree = "<group>"; };
		D98571921CB4C1AD000DEAAA /* GpuVideoStreamingTexture.hpp */ = {isa = PBXFileReference; fileEncoding = 4; lastKnownFileType = sourcecode.cpp.h; path = GpuVideoStreamingTexture.hpp; sourceTree = "<group>"; };
		D98571931CB4C1AD000DEAAA /* GpuVideoTexture.hpp */ = {isa = PBXFileReference; fileEncoding = 4; lastKnownFileType = sourcecode.cpp.h; path = GpuVideoTexture.hpp; sourceTree = "<group>"; };
		D98571941CB4C1AD000DEAAA /* ofxExtremeGpuVideo.cpp */ = {isa = PBXFileReference; fileEncoding = 4; lastKnownFileType = sourcecode.cpp.cpp; path = ofxExtremeGpuVideo.cpp; sourceTree = "<group>"; };
		D98571951CB4C1AD000DEAAA /* ofxExtremeGpuVideo.hpp */ = {isa = PBXFileReference; fileEncoding = 4; lastKnownFileType = sourcecode.cpp.h; path = ofxExtremeGpuVideo.hpp; sourceTree = "<group>"; };
		D9B557721CB4B0FC009FBE0F /* main.cpp */ = {isa = PBXFileReference; fileEncoding = 4; lastKnownFileType = sourcecode.cpp.cpp; path = main.cpp; sourceTree = "<group>"; };
		D9B557731CB4B0FC009FBE0F /* ofApp.cpp */ = {isa = PBXFileReference; fileEncoding = 4; lastKnownFileType = sourcecode.cpp.cpp; path = ofApp.cpp; sourceTree = "<group>"; };
		D9B557741CB4B0FC009FBE0F /* ofApp.h */ = {isa = PBXFileReference; fileEncoding = 4; lastKnownFileType = sourcecode.c.h; path = ofApp.h; sourceTree = "<group>"; };
		E4328143138ABC890047C5CB /* openFrameworksLib.xcodeproj */ = {isa = PBXFileReference; lastKnownFileType = "wrapper.pb-project"; name = openFrameworksLib.xcodeproj; path = ../../../libs/openFrameworksCompiled/project/osx/openFrameworksLib.xcodeproj; sourceTree = SOURCE_ROOT; };
		E4B69B5B0A3A1756003C02F2 /* GpuVideoDebug.app */ = {isa = PBXFileReference; explicitFileType = wrapper.application; includeInIndex = 0; path = GpuVideoDebug.app; sourceTree = BUILT_PRODUCTS_DIR; };
		E4B6FCAD0C3E899E008CF71C /* openFrameworks-Info.plist */ = {isa = PBXFileReference; fileEncoding = 30; lastKnownFileType = text.plist.xml; path = "openFrameworks-Info.plist"; sourceTree = "<group>"; };
		E4EB691F138AFCF100A09F29 /* CoreOF.xcconfig */ = {isa = PBXFileReference; fileEncoding = 4; lastKnownFileType = text.xcconfig; name = CoreOF.xcconfig; path = ../../../libs/openFrameworksCompiled/project/osx/CoreOF.xcconfig; sourceTree = SOURCE_ROOT; };
		E4EB6923138AFD0F00A09F29 /* Project.xcconfig */ = {isa = PBXFileReference; fileEncoding = 4; lastKnownFileType = text.xcconfig; path = Project.xcconfig; sourceTree = "<group>"; };
/* End PBXFileReference section */

/* Begin PBXFrameworksBuildPhase section */
		E4B69B590A3A1756003C02F2 /* Frameworks */ = {
			isa = PBXFrameworksBuildPhase;
			buildActionMask = 2147483647;
			files = (
				E4328149138ABC9F0047C5CB /* openFrameworksDebug.a in Frameworks */,
			);
			runOnlyForDeploymentPostprocessing = 0;
		};
/* End PBXFrameworksBuildPhase section */

/* Begin PBXGroup section */
		6948EE371B920CB800B5AC1A /* local_addons */ = {
			isa = PBXGroup;
			children = (
			);
			name = local_addons;
			sourceTree = "<group>";
		};
		BB4B014C10F69532006C3DED /* addons */ = {
			isa = PBXGroup;
			children = (
			);
			name = addons;
			sourceTree = "<group>";
		};
		D92D924A1CAA2FDC009772B6 /* squish */ = {
			isa = PBXGroup;
			children = (
				D92D92981CAB6AD1009772B6 /* alpha.cpp */,
				D92D92991CAB6AD1009772B6 /* alpha.h */,
				D92D929A1CAB6AD1009772B6 /* clusterfit.cpp */,
				D92D929B1CAB6AD1009772B6 /* clusterfit.h */,
				D92D929C1CAB6AD1009772B6 /* colourblock.cpp */,
				D92D929D1CAB6AD1009772B6 /* colourblock.h */,
				D92D929E1CAB6AD1009772B6 /* colourfit.cpp */,
				D92D929F1CAB6AD1009772B6 /* colourfit.h */,
				D92D92A01CAB6AD1009772B6 /* colourset.cpp */,
				D92D92A11CAB6AD1009772B6 /* colourset.h */,
				D92D92A21CAB6AD1009772B6 /* config.h */,
				D92D92A31CAB6AD1009772B6 /* maths.cpp */,
				D92D92A41CAB6AD1009772B6 /* maths.h */,
				D92D92A51CAB6AD1009772B6 /* rangefit.cpp */,
				D92D92A61CAB6AD1009772B6 /* rangefit.h */,
				D92D92A71CAB6AD1009772B6 /* simd_float.h */,
				D92D92A81CAB6AD1009772B6 /* simd_sse.h */,
				D92D92A91CAB6AD1009772B6 /* simd_ve.h */,
				D92D92AA1CAB6AD1009772B6 /* simd.h */,
				D92D92AB1CAB6AD1009772B6 /* singlecolourfit.cpp */,
				D92D92AC1CAB6AD1009772B6 /* singlecolourfit.h */,
				D92D92AD1CAB6AD1009772B6 /* singlecolourlookup.inl */,
				D92D92AE1CAB6AD1009772B6 /* squish.cpp */,
				D92D92AF1CAB6AD1009772B6 /* squish.h */,
			);
			name = squish;
			path = src;
			sourceTree = SOURCE_ROOT;
		};
		D92D92731CAA84D9009772B6 /* lz4 */ = {
			isa = PBXGroup;
			children = (
				D92D928B1CAB6AC1009772B6 /* lz4.c */,
				D92D928C1CAB6AC1009772B6 /* lz4.h */,
				D92D928D1CAB6AC1009772B6 /* lz4frame_static.h */,
				D92D928E1CAB6AC1009772B6 /* lz4frame.c */,
				D92D928F1CAB6AC1009772B6 /* lz4frame.h */,
				D92D92901CAB6AC1009772B6 /* lz4hc.c */,
				D92D92911CAB6AC1009772B6 /* lz4hc.h */,
				D92D92921CAB6AC1009772B6 /* xxhash.c */,
				D92D92931CAB6AC1009772B6 /* xxhash.h */,
			);
			name = lz4;
			sourceTree = SOURCE_ROOT;
		};
		D92D92B91CAB6BC7009772B6 /* ofxImGui */ = {
			isa = PBXGroup;
			children = (
				D92D92D51CAB6C84009772B6 /* libs */,
				D92D92E21CAB6C84009772B6 /* src */,
			);
			name = ofxImGui;
			sourceTree = SOURCE_ROOT;
		};
		D92D92D51CAB6C84009772B6 /* libs */ = {
			isa = PBXGroup;
			children = (
				D92D92D61CAB6C84009772B6 /* imgui */,
			);
			name = libs;
			path = ../libs/ofxImGui/libs;
			sourceTree = "<group>";
		};
		D92D92D61CAB6C84009772B6 /* imgui */ = {
			isa = PBXGroup;
			children = (
				D92D92D71CAB6C84009772B6 /* src */,
			);
			path = imgui;
			sourceTree = "<group>";
		};
		D92D92D71CAB6C84009772B6 /* src */ = {
			isa = PBXGroup;
			children = (
				D92D92D81CAB6C84009772B6 /* imgui.cpp */,
				D92D92D91CAB6C84009772B6 /* imgui.h */,
				D92D92DA1CAB6C84009772B6 /* imgui_demo.cpp */,
				D92D92DB1CAB6C84009772B6 /* imgui_draw.cpp */,
				D92D92DC1CAB6C84009772B6 /* imgui_internal.h */,
				D92D92DD1CAB6C84009772B6 /* LICENSE */,
				D92D92DE1CAB6C84009772B6 /* README.md */,
				D92D92DF1CAB6C84009772B6 /* stb_rect_pack.h */,
				D92D92E01CAB6C84009772B6 /* stb_textedit.h */,
				D92D92E11CAB6C84009772B6 /* stb_truetype.h */,
			);
			path = src;
			sourceTree = "<group>";
		};
		D92D92E21CAB6C84009772B6 /* src */ = {
			isa = PBXGroup;
			children = (
				D92D92E31CAB6C84009772B6 /* BaseEngine.cpp */,
				D92D92E41CAB6C84009772B6 /* BaseEngine.h */,
				D92D92E51CAB6C84009772B6 /* BaseTheme.cpp */,
				D92D92E61CAB6C84009772B6 /* BaseTheme.h */,
				D92D92E71CAB6C84009772B6 /* EngineGLFW.cpp */,
				D92D92E81CAB6C84009772B6 /* EngineGLFW.h */,
				D92D92E91CAB6C84009772B6 /* EngineOpenGLES.cpp */,
				D92D92EA1CAB6C84009772B6 /* EngineOpenGLES.h */,
				D92D92EB1CAB6C84009772B6 /* imconfig.h */,
				D92D92EC1CAB6C84009772B6 /* ofxImGui.cpp */,
				D92D92ED1CAB6C84009772B6 /* ofxImGui.h */,
				D92D92EE1CAB6C84009772B6 /* ThemeTest.h */,
			);
			name = src;
			path = ../libs/ofxImGui/src;
			sourceTree = "<group>";
		};
		D9B557561CB4AFBE009FBE0F /* src */ = {
			isa = PBXGroup;
			children = (
				D985718A1CB4C1AD000DEAAA /* GpuVideo.hpp */,
				D985718B1CB4C1AD000DEAAA /* GpuVideoOnGpuMemoryTexture.cpp */,
				D985718C1CB4C1AD000DEAAA /* GpuVideoOnGpuMemoryTexture.hpp */,
				D985718D1CB4C1AD000DEAAA /* GpuVideoReader.cpp */,
				D985718E1CB4C1AD000DEAAA /* GpuVideoReader.hpp */,
				D985718F1CB4C1AD000DEAAA /* GpuVideoReaderDecompressed.cpp */,
				D98571901CB4C1AD000DEAAA /* GpuVideoReaderDecompressed.hpp */,
				D98571911CB4C1AD000DEAAA /* GpuVideoStreamingTexture.cpp */,
				D98571921CB4C1AD000DEAAA /* GpuVideoStreamingTexture.hpp */,
				D98571931CB4C1AD000DEAAA /* GpuVideoTexture.hpp */,
				D98571941CB4C1AD000DEAAA /* ofxExtremeGpuVideo.cpp */,
				D98571951CB4C1AD000DEAAA /* ofxExtremeGpuVideo.hpp */,
			);
			name = src;
			path = ../src;
			sourceTree = "<group>";
		};
		D9B557681CB4AFE3009FBE0F /* libs */ = {
			isa = PBXGroup;
			children = (
				D92D92B91CAB6BC7009772B6 /* ofxImGui */,
				D92D92731CAA84D9009772B6 /* lz4 */,
				D92D924A1CAA2FDC009772B6 /* squish */,
			);
			name = libs;
			sourceTree = "<group>";
		};
		D9B557711CB4B0FC009FBE0F /* converter-src */ = {
			isa = PBXGroup;
			children = (
				D9B557721CB4B0FC009FBE0F /* main.cpp */,
				D9B557731CB4B0FC009FBE0F /* ofApp.cpp */,
				D9B557741CB4B0FC009FBE0F /* ofApp.h */,
			);
			name = "converter-src";
			path = "../../converter-src";
			sourceTree = "<group>";
		};
		D9E29FC41CB27C0800F52EB1 /* ofxExtremeGpuVideo */ = {
			isa = PBXGroup;
			children = (
				D9B557681CB4AFE3009FBE0F /* libs */,
				D9B557561CB4AFBE009FBE0F /* src */,
			);
			name = ofxExtremeGpuVideo;
			path = ../../ofxExtremeGpuVideo;
			sourceTree = "<group>";
		};
		E4328144138ABC890047C5CB /* Products */ = {
			isa = PBXGroup;
			children = (
				E4328148138ABC890047C5CB /* openFrameworksDebug.a */,
			);
			name = Products;
			sourceTree = "<group>";
		};
		E4B69B4A0A3A1720003C02F2 = {
			isa = PBXGroup;
			children = (
				D92D92871CAB6A7F009772B6 /* libtbbmalloc.dylib */,
				D92D92881CAB6A7F009772B6 /* libtbb.dylib */,
				E4B6FCAD0C3E899E008CF71C /* openFrameworks-Info.plist */,
				E4EB6923138AFD0F00A09F29 /* Project.xcconfig */,
				E4B69E1C0A3A1BDC003C02F2 /* src */,
				E4EEC9E9138DF44700A80321 /* openFrameworks */,
				BB4B014C10F69532006C3DED /* addons */,
				6948EE371B920CB800B5AC1A /* local_addons */,
				E4B69B5B0A3A1756003C02F2 /* GpuVideoDebug.app */,
			);
			sourceTree = "<group>";
		};
		E4B69E1C0A3A1BDC003C02F2 /* src */ = {
			isa = PBXGroup;
			children = (
				D9B557711CB4B0FC009FBE0F /* converter-src */,
				D9E29FC41CB27C0800F52EB1 /* ofxExtremeGpuVideo */,
			);
			path = src;
			sourceTree = SOURCE_ROOT;
		};
		E4EEC9E9138DF44700A80321 /* openFrameworks */ = {
			isa = PBXGroup;
			children = (
				E4EB691F138AFCF100A09F29 /* CoreOF.xcconfig */,
				E4328143138ABC890047C5CB /* openFrameworksLib.xcodeproj */,
			);
			name = openFrameworks;
			sourceTree = "<group>";
		};
/* End PBXGroup section */

/* Begin PBXNativeTarget section */
		E4B69B5A0A3A1756003C02F2 /* GpuVideo */ = {
			isa = PBXNativeTarget;
			buildConfigurationList = E4B69B5F0A3A1757003C02F2 /* Build configuration list for PBXNativeTarget "GpuVideo" */;
			buildPhases = (
				E4B69B580A3A1756003C02F2 /* Sources */,
				E4B69B590A3A1756003C02F2 /* Frameworks */,
				E4B6FFFD0C3F9AB9008CF71C /* ShellScript */,
				E4C2427710CC5ABF004149E2 /* Copy Files */,
			);
			buildRules = (
			);
			dependencies = (
				E4EEB9AC138B136A00A80321 /* PBXTargetDependency */,
			);
			name = GpuVideo;
			productName = myOFApp;
			productReference = E4B69B5B0A3A1756003C02F2 /* GpuVideoDebug.app */;
			productType = "com.apple.product-type.application";
		};
/* End PBXNativeTarget section */

/* Begin PBXProject section */
		E4B69B4C0A3A1720003C02F2 /* Project object */ = {
			isa = PBXProject;
			attributes = {
				LastUpgradeCheck = 0600;
			};
			buildConfigurationList = E4B69B4D0A3A1720003C02F2 /* Build configuration list for PBXProject "GpuVideo" */;
			compatibilityVersion = "Xcode 3.2";
			developmentRegion = English;
			hasScannedForEncodings = 0;
			knownRegions = (
				English,
				Japanese,
				French,
				German,
			);
			mainGroup = E4B69B4A0A3A1720003C02F2;
			productRefGroup = E4B69B4A0A3A1720003C02F2;
			projectDirPath = "";
			projectReferences = (
				{
					ProductGroup = E4328144138ABC890047C5CB /* Products */;
					ProjectRef = E4328143138ABC890047C5CB /* openFrameworksLib.xcodeproj */;
				},
			);
			projectRoot = "";
			targets = (
				E4B69B5A0A3A1756003C02F2 /* GpuVideo */,
			);
		};
/* End PBXProject section */

/* Begin PBXReferenceProxy section */
		E4328148138ABC890047C5CB /* openFrameworksDebug.a */ = {
			isa = PBXReferenceProxy;
			fileType = archive.ar;
			path = openFrameworksDebug.a;
			remoteRef = E4328147138ABC890047C5CB /* PBXContainerItemProxy */;
			sourceTree = BUILT_PRODUCTS_DIR;
		};
/* End PBXReferenceProxy section */

/* Begin PBXShellScriptBuildPhase section */
		E4B6FFFD0C3F9AB9008CF71C /* ShellScript */ = {
			isa = PBXShellScriptBuildPhase;
			buildActionMask = 2147483647;
			files = (
			);
			inputPaths = (
			);
			outputPaths = (
			);
			runOnlyForDeploymentPostprocessing = 0;
			shellPath = /bin/sh;
			shellScript = "mkdir -p \"$TARGET_BUILD_DIR/$PRODUCT_NAME.app/Contents/Resources/\"\n# Copy default icon file into App/Resources\nrsync -aved \"$ICON_FILE\" \"$TARGET_BUILD_DIR/$PRODUCT_NAME.app/Contents/Resources/\"\n# Copy libfmod and change install directory for fmod to run\nrsync -aved ../../../libs/fmodex/lib/osx/libfmodex.dylib \"$TARGET_BUILD_DIR/$PRODUCT_NAME.app/Contents/Frameworks/\";\ninstall_name_tool -change @executable_path/libfmodex.dylib @executable_path/../Frameworks/libfmodex.dylib \"$TARGET_BUILD_DIR/$PRODUCT_NAME.app/Contents/MacOS/$PRODUCT_NAME\";\n# Copy GLUT framework (must remove for AppStore submissions)\nrsync -aved ../../../libs/glut/lib/osx/GLUT.framework \"$TARGET_BUILD_DIR/$PRODUCT_NAME.app/Contents/Frameworks/\"\n";
		};
/* End PBXShellScriptBuildPhase section */

/* Begin PBXSourcesBuildPhase section */
		E4B69B580A3A1756003C02F2 /* Sources */ = {
			isa = PBXSourcesBuildPhase;
			buildActionMask = 2147483647;
			files = (
				D92D92B01CAB6AD1009772B6 /* alpha.cpp in Sources */,
				D92D92B51CAB6AD1009772B6 /* maths.cpp in Sources */,
				D92D92F71CAB6C84009772B6 /* ofxImGui.cpp in Sources */,
				D92D92F21CAB6C84009772B6 /* README.md in Sources */,
				D92D92B41CAB6AD1009772B6 /* colourset.cpp in Sources */,
				D92D92961CAB6AC1009772B6 /* lz4hc.c in Sources */,
				D92D92B71CAB6AD1009772B6 /* singlecolourfit.cpp in Sources */,
				D92D92F31CAB6C84009772B6 /* BaseEngine.cpp in Sources */,
				D92D92B61CAB6AD1009772B6 /* rangefit.cpp in Sources */,
				D92D92F51CAB6C84009772B6 /* EngineGLFW.cpp in Sources */,
				D92D92941CAB6AC1009772B6 /* lz4.c in Sources */,
				D92D92F01CAB6C84009772B6 /* imgui_demo.cpp in Sources */,
				D98571961CB4C1AD000DEAAA /* GpuVideoOnGpuMemoryTexture.cpp in Sources */,
				D92D92B81CAB6AD1009772B6 /* squish.cpp in Sources */,
				D9B557761CB4B0FC009FBE0F /* ofApp.cpp in Sources */,
				D92D92EF1CAB6C84009772B6 /* imgui.cpp in Sources */,
				D92D92B21CAB6AD1009772B6 /* colourblock.cpp in Sources */,
				D92D92F11CAB6C84009772B6 /* imgui_draw.cpp in Sources */,
				D9B557751CB4B0FC009FBE0F /* main.cpp in Sources */,
				D92D92F41CAB6C84009772B6 /* BaseTheme.cpp in Sources */,
				D92D92971CAB6AC1009772B6 /* xxhash.c in Sources */,
				D985719A1CB4C1AD000DEAAA /* ofxExtremeGpuVideo.cpp in Sources */,
				D92D92951CAB6AC1009772B6 /* lz4frame.c in Sources */,
				D92D92B31CAB6AD1009772B6 /* colourfit.cpp in Sources */,
				D92D92F61CAB6C84009772B6 /* EngineOpenGLES.cpp in Sources */,
				D98571981CB4C1AD000DEAAA /* GpuVideoReaderDecompressed.cpp in Sources */,
				D92D92B11CAB6AD1009772B6 /* clusterfit.cpp in Sources */,
				D98571971CB4C1AD000DEAAA /* GpuVideoReader.cpp in Sources */,
				D98571991CB4C1AD000DEAAA /* GpuVideoStreamingTexture.cpp in Sources */,
			);
			runOnlyForDeploymentPostprocessing = 0;
		};
/* End PBXSourcesBuildPhase section */

/* Begin PBXTargetDependency section */
		E4EEB9AC138B136A00A80321 /* PBXTargetDependency */ = {
			isa = PBXTargetDependency;
			name = openFrameworks;
			targetProxy = E4EEB9AB138B136A00A80321 /* PBXContainerItemProxy */;
		};
/* End PBXTargetDependency section */

/* Begin XCBuildConfiguration section */
		E4B69B4E0A3A1720003C02F2 /* Debug */ = {
			isa = XCBuildConfiguration;
			baseConfigurationReference = E4EB6923138AFD0F00A09F29 /* Project.xcconfig */;
			buildSettings = {
				CONFIGURATION_BUILD_DIR = "$(SRCROOT)/bin/";
				COPY_PHASE_STRIP = NO;
				DEAD_CODE_STRIPPING = YES;
				GCC_AUTO_VECTORIZATION = YES;
				GCC_ENABLE_SSE3_EXTENSIONS = YES;
				GCC_ENABLE_SUPPLEMENTAL_SSE3_INSTRUCTIONS = YES;
				GCC_INLINES_ARE_PRIVATE_EXTERN = NO;
				GCC_OPTIMIZATION_LEVEL = 0;
				GCC_SYMBOLS_PRIVATE_EXTERN = NO;
				GCC_WARN_ABOUT_DEPRECATED_FUNCTIONS = YES;
				GCC_WARN_ABOUT_INVALID_OFFSETOF_MACRO = NO;
				GCC_WARN_ALLOW_INCOMPLETE_PROTOCOL = NO;
				GCC_WARN_UNINITIALIZED_AUTOS = NO;
				GCC_WARN_UNUSED_VALUE = NO;
				GCC_WARN_UNUSED_VARIABLE = NO;
				HEADER_SEARCH_PATHS = (
					"$(OF_CORE_HEADERS)",
					src,
				);
				MACOSX_DEPLOYMENT_TARGET = 10.8;
				ONLY_ACTIVE_ARCH = YES;
				OTHER_CPLUSPLUSFLAGS = (
					"-D__MACOSX_CORE__",
					"-mtune=native",
				);
				SDKROOT = macosx;
			};
			name = Debug;
		};
		E4B69B4F0A3A1720003C02F2 /* Release */ = {
			isa = XCBuildConfiguration;
			baseConfigurationReference = E4EB6923138AFD0F00A09F29 /* Project.xcconfig */;
			buildSettings = {
				CONFIGURATION_BUILD_DIR = "$(SRCROOT)/bin/";
				COPY_PHASE_STRIP = YES;
				DEAD_CODE_STRIPPING = YES;
				GCC_AUTO_VECTORIZATION = YES;
				GCC_ENABLE_SSE3_EXTENSIONS = YES;
				GCC_ENABLE_SUPPLEMENTAL_SSE3_INSTRUCTIONS = YES;
				GCC_INLINES_ARE_PRIVATE_EXTERN = NO;
				GCC_OPTIMIZATION_LEVEL = 3;
				GCC_SYMBOLS_PRIVATE_EXTERN = NO;
				GCC_UNROLL_LOOPS = YES;
				GCC_WARN_ABOUT_DEPRECATED_FUNCTIONS = YES;
				GCC_WARN_ABOUT_INVALID_OFFSETOF_MACRO = NO;
				GCC_WARN_ALLOW_INCOMPLETE_PROTOCOL = NO;
				GCC_WARN_UNINITIALIZED_AUTOS = NO;
				GCC_WARN_UNUSED_VALUE = NO;
				GCC_WARN_UNUSED_VARIABLE = NO;
				HEADER_SEARCH_PATHS = (
					"$(OF_CORE_HEADERS)",
					src,
				);
				MACOSX_DEPLOYMENT_TARGET = 10.8;
				OTHER_CPLUSPLUSFLAGS = (
					"-D__MACOSX_CORE__",
					"-mtune=native",
				);
				SDKROOT = macosx;
			};
			name = Release;
		};
		E4B69B600A3A1757003C02F2 /* Debug */ = {
			isa = XCBuildConfiguration;
			baseConfigurationReference = E4EB6923138AFD0F00A09F29 /* Project.xcconfig */;
			buildSettings = {
				COMBINE_HIDPI_IMAGES = YES;
				COPY_PHASE_STRIP = NO;
				FRAMEWORK_SEARCH_PATHS = (
					"$(inherited)",
					"$(FRAMEWORK_SEARCH_PATHS_QUOTED_FOR_TARGET_1)",
				);
				FRAMEWORK_SEARCH_PATHS_QUOTED_FOR_TARGET_1 = "\"$(SRCROOT)/../../../libs/glut/lib/osx\"";
				GCC_DYNAMIC_NO_PIC = NO;
				GCC_GENERATE_DEBUGGING_SYMBOLS = YES;
				GCC_MODEL_TUNING = NONE;
				HEADER_SEARCH_PATHS = (
					"$(OF_CORE_HEADERS)",
					src,
					"\"$(SRCROOT)/../libs/tbb44_20150728oss/include\"",
				);
				ICON = "$(ICON_NAME_DEBUG)";
				ICON_FILE = "$(ICON_FILE_PATH)$(ICON)";
				INFOPLIST_FILE = "openFrameworks-Info.plist";
				INSTALL_PATH = /Applications;
				LD_RUNPATH_SEARCH_PATHS = "@loader_path/../Frameworks/";
				LIBRARY_SEARCH_PATHS = "$(inherited)";
				OTHER_LDFLAGS = (
					"$(OF_CORE_LIBS)",
					"$(OF_CORE_FRAMEWORKS)",
					"\"$(SRCROOT)/../libs/tbb44_20150728oss/lib/libtbb.dylib\"",
					"\"$(SRCROOT)/../libs/tbb44_20150728oss/lib/libtbbmalloc.dylib\"",
				);
				PRODUCT_NAME = GpuVideoDebug;
				WRAPPER_EXTENSION = app;
			};
			name = Debug;
		};
		E4B69B610A3A1757003C02F2 /* Release */ = {
			isa = XCBuildConfiguration;
			baseConfigurationReference = E4EB6923138AFD0F00A09F29 /* Project.xcconfig */;
			buildSettings = {
				COMBINE_HIDPI_IMAGES = YES;
				COPY_PHASE_STRIP = YES;
				FRAMEWORK_SEARCH_PATHS = (
					"$(inherited)",
					"$(FRAMEWORK_SEARCH_PATHS_QUOTED_FOR_TARGET_1)",
				);
				FRAMEWORK_SEARCH_PATHS_QUOTED_FOR_TARGET_1 = "\"$(SRCROOT)/../../../libs/glut/lib/osx\"";
				GCC_GENERATE_DEBUGGING_SYMBOLS = YES;
				GCC_MODEL_TUNING = NONE;
				HEADER_SEARCH_PATHS = (
					"$(OF_CORE_HEADERS)",
					src,
					"\"$(SRCROOT)/../libs/tbb44_20150728oss/include\"",
				);
				ICON = "$(ICON_NAME_RELEASE)";
				ICON_FILE = "$(ICON_FILE_PATH)$(ICON)";
				INFOPLIST_FILE = "openFrameworks-Info.plist";
				INSTALL_PATH = /Applications;
				LD_RUNPATH_SEARCH_PATHS = "@loader_path/../Frameworks/";
				LIBRARY_SEARCH_PATHS = "$(inherited)";
				OTHER_LDFLAGS = (
					"$(OF_CORE_LIBS)",
					"$(OF_CORE_FRAMEWORKS)",
					"\"$(SRCROOT)/../libs/tbb44_20150728oss/lib/libtbb.dylib\"",
					"\"$(SRCROOT)/../libs/tbb44_20150728oss/lib/libtbbmalloc.dylib\"",
				);
				PRODUCT_NAME = GpuVideoDebug;
				WRAPPER_EXTENSION = app;
				baseConfigurationReference = E4EB6923138AFD0F00A09F29;
			};
			name = Release;
		};
/* End XCBuildConfiguration section */

/* Begin XCConfigurationList section */
		E4B69B4D0A3A1720003C02F2 /* Build configuration list for PBXProject "GpuVideo" */ = {
			isa = XCConfigurationList;
			buildConfigurations = (
				E4B69B4E0A3A1720003C02F2 /* Debug */,
				E4B69B4F0A3A1720003C02F2 /* Release */,
			);
			defaultConfigurationIsVisible = 0;
			defaultConfigurationName = Release;
		};
		E4B69B5F0A3A1757003C02F2 /* Build configuration list for PBXNativeTarget "GpuVideo" */ = {
			isa = XCConfigurationList;
			buildConfigurations = (
				E4B69B600A3A1757003C02F2 /* Debug */,
				E4B69B610A3A1757003C02F2 /* Release */,
			);
			defaultConfigurationIsVisible = 0;
			defaultConfigurationName = Release;
		};
/* End XCConfigurationList section */
	};
	rootObject = E4B69B4C0A3A1720003C02F2 /* Project object */;
}
